// !$*UTF8*$!
{
	archiveVersion = 1;
	classes = {
	};
	objectVersion = 46;
	objects = {

/* Begin PBXBuildFile section */
		7EDDE6976D904ED2B1399CB5 /* libPods.a in Frameworks */ = {isa = PBXBuildFile; fileRef = 2B9C8540FCBD4CDAAF57AC3E /* libPods.a */; };
		920917F119270C63009701FA /* InboxCell.m in Sources */ = {isa = PBXBuildFile; fileRef = 920917F019270C63009701FA /* InboxCell.m */; };
		920917F81927ADA3009701FA /* UIImageView+Additions.m in Sources */ = {isa = PBXBuildFile; fileRef = 920917F71927ADA3009701FA /* UIImageView+Additions.m */; };
		920917FB1927B187009701FA /* MKMapView+Additions.m in Sources */ = {isa = PBXBuildFile; fileRef = 920917FA1927B187009701FA /* MKMapView+Additions.m */; };
		920917FE1927B89F009701FA /* UIColor+Additions.m in Sources */ = {isa = PBXBuildFile; fileRef = 920917FD1927B89F009701FA /* UIColor+Additions.m */; };
		920918041927EDEA009701FA /* CommentClient.m in Sources */ = {isa = PBXBuildFile; fileRef = 920918031927EDEA009701FA /* CommentClient.m */; };
		9217A59819231698005E3A36 /* Installation.m in Sources */ = {isa = PBXBuildFile; fileRef = 9217A59719231698005E3A36 /* Installation.m */; };
		9217A59B19231724005E3A36 /* PushNotificationManager.m in Sources */ = {isa = PBXBuildFile; fileRef = 9217A59A19231724005E3A36 /* PushNotificationManager.m */; };
		9217A5A319245214005E3A36 /* main.js in Sources */ = {isa = PBXBuildFile; fileRef = 9217A59E19245214005E3A36 /* main.js */; };
		9217A5A419245214005E3A36 /* global.json in Resources */ = {isa = PBXBuildFile; fileRef = 9217A5A019245214005E3A36 /* global.json */; };
		9217A5A519245214005E3A36 /* index.html in Resources */ = {isa = PBXBuildFile; fileRef = 9217A5A219245214005E3A36 /* index.html */; };
		9217A5A919245AD9005E3A36 /* InboxViewController.m in Sources */ = {isa = PBXBuildFile; fileRef = 9217A5A819245AD9005E3A36 /* InboxViewController.m */; };
		9217A5AC1924681E005E3A36 /* Comment.m in Sources */ = {isa = PBXBuildFile; fileRef = 9217A5AB1924681E005E3A36 /* Comment.m */; };
		9226EE9A191573530014B319 /* Foundation.framework in Frameworks */ = {isa = PBXBuildFile; fileRef = 9226EE99191573530014B319 /* Foundation.framework */; };
		9226EE9C191573530014B319 /* CoreGraphics.framework in Frameworks */ = {isa = PBXBuildFile; fileRef = 9226EE9B191573530014B319 /* CoreGraphics.framework */; };
		9226EE9E191573530014B319 /* UIKit.framework in Frameworks */ = {isa = PBXBuildFile; fileRef = 9226EE9D191573530014B319 /* UIKit.framework */; };
		9226EEA4191573530014B319 /* InfoPlist.strings in Resources */ = {isa = PBXBuildFile; fileRef = 9226EEA2191573530014B319 /* InfoPlist.strings */; };
		9226EEA6191573530014B319 /* main.m in Sources */ = {isa = PBXBuildFile; fileRef = 9226EEA5191573530014B319 /* main.m */; };
		9226EEAA191573530014B319 /* AppDelegate.m in Sources */ = {isa = PBXBuildFile; fileRef = 9226EEA9191573530014B319 /* AppDelegate.m */; };
		9226EEAD191573530014B319 /* Main_iPhone.storyboard in Resources */ = {isa = PBXBuildFile; fileRef = 9226EEAB191573530014B319 /* Main_iPhone.storyboard */; };
		9226EEB0191573530014B319 /* Main_iPad.storyboard in Resources */ = {isa = PBXBuildFile; fileRef = 9226EEAE191573530014B319 /* Main_iPad.storyboard */; };
		9226EEB5191573530014B319 /* Images.xcassets in Resources */ = {isa = PBXBuildFile; fileRef = 9226EEB4191573530014B319 /* Images.xcassets */; };
		9226EEBC191573530014B319 /* XCTest.framework in Frameworks */ = {isa = PBXBuildFile; fileRef = 9226EEBB191573530014B319 /* XCTest.framework */; };
		9226EEBD191573530014B319 /* Foundation.framework in Frameworks */ = {isa = PBXBuildFile; fileRef = 9226EE99191573530014B319 /* Foundation.framework */; };
		9226EEBE191573530014B319 /* UIKit.framework in Frameworks */ = {isa = PBXBuildFile; fileRef = 9226EE9D191573530014B319 /* UIKit.framework */; };
		9226EEC6191573530014B319 /* InfoPlist.strings in Resources */ = {isa = PBXBuildFile; fileRef = 9226EEC4191573530014B319 /* InfoPlist.strings */; };
		9226EEC8191573530014B319 /* CarPoolTests.m in Sources */ = {isa = PBXBuildFile; fileRef = 9226EEC7191573530014B319 /* CarPoolTests.m */; };
		9226EED51915789F0014B319 /* MenuViewController.m in Sources */ = {isa = PBXBuildFile; fileRef = 9226EED41915789F0014B319 /* MenuViewController.m */; };
		9226EED919157A870014B319 /* UIViewController+Additions.m in Sources */ = {isa = PBXBuildFile; fileRef = 9226EED819157A870014B319 /* UIViewController+Additions.m */; };
		9226EEDD19157BEA0014B319 /* HomeViewController.m in Sources */ = {isa = PBXBuildFile; fileRef = 9226EEDC19157BEA0014B319 /* HomeViewController.m */; };
		9226EEE119157D1A0014B319 /* LoginViewController.m in Sources */ = {isa = PBXBuildFile; fileRef = 9226EEE019157D1A0014B319 /* LoginViewController.m */; };
		9226EEEC1915B82B0014B319 /* LocationManager.m in Sources */ = {isa = PBXBuildFile; fileRef = 9226EEEB1915B82B0014B319 /* LocationManager.m */; };
		9226EEEE1915B8E70014B319 /* CoreLocation.framework in Frameworks */ = {isa = PBXBuildFile; fileRef = 9226EEED1915B8E70014B319 /* CoreLocation.framework */; };
		9226EEF21915CBE90014B319 /* CarPoolOffer.m in Sources */ = {isa = PBXBuildFile; fileRef = 9226EEF11915CBE90014B319 /* CarPoolOffer.m */; };
		9226EF081915DCEB0014B319 /* SettingsViewController.m in Sources */ = {isa = PBXBuildFile; fileRef = 9226EF071915DCEB0014B319 /* SettingsViewController.m */; };
		9226EF13191694FC0014B319 /* CarPoolOfferClient.m in Sources */ = {isa = PBXBuildFile; fileRef = 9226EF12191694FC0014B319 /* CarPoolOfferClient.m */; };
		9226EF16191695120014B319 /* AuthenticationClient.m in Sources */ = {isa = PBXBuildFile; fileRef = 9226EF15191695120014B319 /* AuthenticationClient.m */; };
		9226EF1A19169CF00014B319 /* BaseViewController.m in Sources */ = {isa = PBXBuildFile; fileRef = 9226EF1919169CF00014B319 /* BaseViewController.m */; };
		9226EF1D19169F810014B319 /* UITableView+Additions.m in Sources */ = {isa = PBXBuildFile; fileRef = 9226EF1C19169F810014B319 /* UITableView+Additions.m */; };
		9226EF201916A4190014B319 /* CarPoolRequestClient.m in Sources */ = {isa = PBXBuildFile; fileRef = 9226EF1F1916A4190014B319 /* CarPoolRequestClient.m */; };
		9226EF231916A4370014B319 /* CarPoolRequest.m in Sources */ = {isa = PBXBuildFile; fileRef = 9226EF221916A4370014B319 /* CarPoolRequest.m */; };
		9226EF2A1916DAA80014B319 /* SignUpViewController.m in Sources */ = {isa = PBXBuildFile; fileRef = 9226EF291916DAA80014B319 /* SignUpViewController.m */; };
		9226EF2E1916E31F0014B319 /* LocationSearchViewController.m in Sources */ = {isa = PBXBuildFile; fileRef = 9226EF2D1916E31F0014B319 /* LocationSearchViewController.m */; };
		9226EF38191707F10014B319 /* poweredByGoogle.png in Resources */ = {isa = PBXBuildFile; fileRef = 9226EF37191707F10014B319 /* poweredByGoogle.png */; };
		923E15D71929215200AD1B5A /* MyOfferCell.m in Sources */ = {isa = PBXBuildFile; fileRef = 923E15D41929215200AD1B5A /* MyOfferCell.m */; };
		923E15D81929215200AD1B5A /* MyActivitiesViewController.m in Sources */ = {isa = PBXBuildFile; fileRef = 923E15D61929215200AD1B5A /* MyActivitiesViewController.m */; };
		923E15DB19292F7700AD1B5A /* MyRequestCell.m in Sources */ = {isa = PBXBuildFile; fileRef = 923E15DA19292F7700AD1B5A /* MyRequestCell.m */; };
		923E15DE1929A54800AD1B5A /* Profile.m in Sources */ = {isa = PBXBuildFile; fileRef = 923E15DD1929A54800AD1B5A /* Profile.m */; };
		923E15E11929A67400AD1B5A /* Reference.m in Sources */ = {isa = PBXBuildFile; fileRef = 923E15E01929A67400AD1B5A /* Reference.m */; };
		923E15E51929A85000AD1B5A /* ProfileViewController.m in Sources */ = {isa = PBXBuildFile; fileRef = 923E15E41929A85000AD1B5A /* ProfileViewController.m */; };
		923E94EA1930F6D3008411AA /* filter.png in Resources */ = {isa = PBXBuildFile; fileRef = 923E94E91930F6D3008411AA /* filter.png */; };
		923E94EE1930F894008411AA /* SearchFilterViewController.m in Sources */ = {isa = PBXBuildFile; fileRef = 923E94ED1930F894008411AA /* SearchFilterViewController.m */; };
		923E94F11931178B008411AA /* SearchFilter.m in Sources */ = {isa = PBXBuildFile; fileRef = 923E94F01931178B008411AA /* SearchFilter.m */; };
		923E94F5193165BF008411AA /* CreateReferenceViewController.m in Sources */ = {isa = PBXBuildFile; fileRef = 923E94F4193165BF008411AA /* CreateReferenceViewController.m */; };
		923E94F819316769008411AA /* ReferenceClient.m in Sources */ = {isa = PBXBuildFile; fileRef = 923E94F719316769008411AA /* ReferenceClient.m */; };
		923E94FC193198E0008411AA /* ReferencesViewController.m in Sources */ = {isa = PBXBuildFile; fileRef = 923E94FB193198E0008411AA /* ReferencesViewController.m */; };
		923E94FF19319D6A008411AA /* ReferenceCell.m in Sources */ = {isa = PBXBuildFile; fileRef = 923E94FE19319D6A008411AA /* ReferenceCell.m */; };
		923E95021931B96E008411AA /* ApplicationVersion.m in Sources */ = {isa = PBXBuildFile; fileRef = 923E95011931B96E008411AA /* ApplicationVersion.m */; };
		923E95051931BA02008411AA /* ApplicationVersionManager.m in Sources */ = {isa = PBXBuildFile; fileRef = 923E95041931BA02008411AA /* ApplicationVersionManager.m */; };
		923E95081931BA16008411AA /* ApplicationVersionClient.m in Sources */ = {isa = PBXBuildFile; fileRef = 923E95071931BA16008411AA /* ApplicationVersionClient.m */; };
		923E950C19325DB5008411AA /* MessageComposerView.m in Sources */ = {isa = PBXBuildFile; fileRef = 923E950B19325DB5008411AA /* MessageComposerView.m */; };
		923E950E19325DC6008411AA /* MessageComposerView.xib in Resources */ = {isa = PBXBuildFile; fileRef = 923E950D19325DC6008411AA /* MessageComposerView.xib */; };
		9255117D1939748E00132526 /* reference.png in Resources */ = {isa = PBXBuildFile; fileRef = 9255117C1939748E00132526 /* reference.png */; };
		925511CB193A361500132526 /* AutoResizingTextView.m in Sources */ = {isa = PBXBuildFile; fileRef = 925511CA193A361500132526 /* AutoResizingTextView.m */; };
		925511D0193A503600132526 /* GoogleAnalyticsManager.m in Sources */ = {isa = PBXBuildFile; fileRef = 925511CF193A503600132526 /* GoogleAnalyticsManager.m */; };
		925511DA193AB50400132526 /* LICENSE in Resources */ = {isa = PBXBuildFile; fileRef = 925511D5193AB50400132526 /* LICENSE */; };
		925511DB193AB50400132526 /* NSDate+TimeAgo.m in Sources */ = {isa = PBXBuildFile; fileRef = 925511D7193AB50400132526 /* NSDate+TimeAgo.m */; };
		925511DC193AB50400132526 /* NSDateTimeAgo.bundle in Resources */ = {isa = PBXBuildFile; fileRef = 925511D8193AB50400132526 /* NSDateTimeAgo.bundle */; };
		925511DD193AB50400132526 /* README.md in Resources */ = {isa = PBXBuildFile; fileRef = 925511D9193AB50400132526 /* README.md */; };
		9255122F193B8EAF00132526 /* StepsViewController.m in Sources */ = {isa = PBXBuildFile; fileRef = 9255122E193B8EAF00132526 /* StepsViewController.m */; };
		92551237193B9A7100132526 /* PeriodPickerViewController.m in Sources */ = {isa = PBXBuildFile; fileRef = 92551236193B9A7100132526 /* PeriodPickerViewController.m */; };
		9255123A193B9C6F00132526 /* CreateOfferStepsViewController.m in Sources */ = {isa = PBXBuildFile; fileRef = 92551239193B9C6F00132526 /* CreateOfferStepsViewController.m */; };
		9255123E193BA61B00132526 /* DateTimePickerViewController.m in Sources */ = {isa = PBXBuildFile; fileRef = 9255123D193BA61B00132526 /* DateTimePickerViewController.m */; };
		92551242193BB96800132526 /* LocationPickerViewController.m in Sources */ = {isa = PBXBuildFile; fileRef = 92551241193BB96800132526 /* LocationPickerViewController.m */; };
		92551246193BBEC400132526 /* MessagePickerViewController.m in Sources */ = {isa = PBXBuildFile; fileRef = 92551245193BBEC400132526 /* MessagePickerViewController.m */; };
		92551249193BD1F000132526 /* next.png in Resources */ = {isa = PBXBuildFile; fileRef = 92551247193BD1F000132526 /* next.png */; };
		9255124A193BD1F000132526 /* previous.png in Resources */ = {isa = PBXBuildFile; fileRef = 92551248193BD1F000132526 /* previous.png */; };
		925FB6281933E1FC00814B5A /* ReferenceViewController.m in Sources */ = {isa = PBXBuildFile; fileRef = 925FB6271933E1FC00814B5A /* ReferenceViewController.m */; };
		925FB62C193452B800814B5A /* PushNotificationSettingViewController.m in Sources */ = {isa = PBXBuildFile; fileRef = 925FB62B193452B800814B5A /* PushNotificationSettingViewController.m */; };
		925FB62F193453F500814B5A /* NotificationSetting.m in Sources */ = {isa = PBXBuildFile; fileRef = 925FB62E193453F500814B5A /* NotificationSetting.m */; };
		925FB63219345B9600814B5A /* UserNotificationSetting.m in Sources */ = {isa = PBXBuildFile; fileRef = 925FB63119345B9600814B5A /* UserNotificationSetting.m */; };
		925FB635193460FE00814B5A /* UserNotificationSettingClient.m in Sources */ = {isa = PBXBuildFile; fileRef = 925FB634193460FE00814B5A /* UserNotificationSettingClient.m */; };
		925FB63819346D9E00814B5A /* UserNotificationSettingCell.m in Sources */ = {isa = PBXBuildFile; fileRef = 925FB63719346D9E00814B5A /* UserNotificationSettingCell.m */; };
		92677F6A1932975F008046DE /* InsetEnabledLabel.m in Sources */ = {isa = PBXBuildFile; fileRef = 92677F691932975F008046DE /* InsetEnabledLabel.m */; };
		92677F6E1933A002008046DE /* PersonalMessagesViewController.m in Sources */ = {isa = PBXBuildFile; fileRef = 92677F6D1933A002008046DE /* PersonalMessagesViewController.m */; };
		92677F741933A36B008046DE /* CommentCell.m in Sources */ = {isa = PBXBuildFile; fileRef = 92677F711933A36B008046DE /* CommentCell.m */; };
		92677F751933A36B008046DE /* RequestDetailViewController.m in Sources */ = {isa = PBXBuildFile; fileRef = 92677F731933A36B008046DE /* RequestDetailViewController.m */; };
		926EF4F119533633001BEC5B /* CalendarViewController.m in Sources */ = {isa = PBXBuildFile; fileRef = 926EF4F019533633001BEC5B /* CalendarViewController.m */; };
		9277BA5019568C90009C01FF /* CalendarCell.m in Sources */ = {isa = PBXBuildFile; fileRef = 9277BA4F19568C90009C01FF /* CalendarCell.m */; };
		9277BA531957403D009C01FF /* CalendarHeader.m in Sources */ = {isa = PBXBuildFile; fileRef = 9277BA521957403D009C01FF /* CalendarHeader.m */; };
		9277BA5919577A6A009C01FF /* NSArray+Additions.m in Sources */ = {isa = PBXBuildFile; fileRef = 9277BA5819577A6A009C01FF /* NSArray+Additions.m */; };
		927ABFB9191A170300CC3A2B /* closeButton.png in Resources */ = {isa = PBXBuildFile; fileRef = 927ABFB8191A170300CC3A2B /* closeButton.png */; };
		927ABFBC191A19F000CC3A2B /* UIView+Additions.m in Sources */ = {isa = PBXBuildFile; fileRef = 927ABFBB191A19F000CC3A2B /* UIView+Additions.m */; };
		927ABFC4191DC14B00CC3A2B /* HomeOfferDetailViewController.m in Sources */ = {isa = PBXBuildFile; fileRef = 927ABFC3191DC14B00CC3A2B /* HomeOfferDetailViewController.m */; };
		928266C4191E904F001AD534 /* currntLocation.png in Resources */ = {isa = PBXBuildFile; fileRef = 928266C2191E904F001AD534 /* currntLocation.png */; };
		928266C7191E9195001AD534 /* map.png in Resources */ = {isa = PBXBuildFile; fileRef = 928266C6191E9195001AD534 /* map.png */; };
		928266CB191E9B9C001AD534 /* PinEnabledMapView.m in Sources */ = {isa = PBXBuildFile; fileRef = 928266CA191E9B9C001AD534 /* PinEnabledMapView.m */; };
		928266CE191EABF7001AD534 /* LocationSearchClient.m in Sources */ = {isa = PBXBuildFile; fileRef = 928266CD191EABF6001AD534 /* LocationSearchClient.m */; };
		92881405191DD6BF00726DD8 /* User.m in Sources */ = {isa = PBXBuildFile; fileRef = 92881404191DD6BF00726DD8 /* User.m */; };
		9298BF39194B6E0C00157E42 /* CreateRequestStepsViewController.m in Sources */ = {isa = PBXBuildFile; fileRef = 9298BF38194B6E0C00157E42 /* CreateRequestStepsViewController.m */; };
		9298BF3C194BBE7500157E42 /* dsadsaViewController.m in Sources */ = {isa = PBXBuildFile; fileRef = 9298BF3B194BBE7500157E42 /* dsadsaViewController.m */; };
		9298BF45194CAE0300157E42 /* userPlaceholder.png in Resources */ = {isa = PBXBuildFile; fileRef = 9298BF44194CAE0300157E42 /* userPlaceholder.png */; };
		9298BF48194CB13600157E42 /* ProfileEditableHeader.m in Sources */ = {isa = PBXBuildFile; fileRef = 9298BF47194CB13600157E42 /* ProfileEditableHeader.m */; };
		9298BF4A194CB14D00157E42 /* ProfileEditableHeader.xib in Resources */ = {isa = PBXBuildFile; fileRef = 9298BF49194CB14D00157E42 /* ProfileEditableHeader.xib */; };
		9298BF4D194CC23E00157E42 /* ProfileEditableCell.m in Sources */ = {isa = PBXBuildFile; fileRef = 9298BF4C194CC23E00157E42 /* ProfileEditableCell.m */; };
		9298BF4F194CC4A300157E42 /* ProfileEditableCell.xib in Resources */ = {isa = PBXBuildFile; fileRef = 9298BF4E194CC4A300157E42 /* ProfileEditableCell.xib */; };
		9298BF52194D301B00157E42 /* UserClient.m in Sources */ = {isa = PBXBuildFile; fileRef = 9298BF51194D301B00157E42 /* UserClient.m */; };
		9298BF55194D463E00157E42 /* NoContentView.m in Sources */ = {isa = PBXBuildFile; fileRef = 9298BF54194D463E00157E42 /* NoContentView.m */; };
		9298BF57194D467400157E42 /* NoContentView.xib in Resources */ = {isa = PBXBuildFile; fileRef = 9298BF56194D467400157E42 /* NoContentView.xib */; };
		9298BF5B194E960500157E42 /* OfferDetailViewController.m in Sources */ = {isa = PBXBuildFile; fileRef = 9298BF5A194E960500157E42 /* OfferDetailViewController.m */; };
		92B568D519170E2900CEF58F /* endPoint.png in Resources */ = {isa = PBXBuildFile; fileRef = 92B568D219170E2900CEF58F /* endPoint.png */; };
		92B568D619170E2900CEF58F /* calendar.png in Resources */ = {isa = PBXBuildFile; fileRef = 92B568D319170E2900CEF58F /* calendar.png */; };
		92B568D719170E2900CEF58F /* startPoint.png in Resources */ = {isa = PBXBuildFile; fileRef = 92B568D419170E2900CEF58F /* startPoint.png */; };
		92B568DA1917147700CEF58F /* Location.m in Sources */ = {isa = PBXBuildFile; fileRef = 92B568D91917147700CEF58F /* Location.m */; };
		92B568DF19172F5700CEF58F /* MapKit.framework in Frameworks */ = {isa = PBXBuildFile; fileRef = 92B568DE19172F5700CEF58F /* MapKit.framework */; };
		92ED7AC31944DC960095F77E /* NSDate+Additions.m in Sources */ = {isa = PBXBuildFile; fileRef = 92ED7AC21944DC960095F77E /* NSDate+Additions.m */; };
		92FD32FC19357E6A0016B32D /* Crashlytics.framework in Frameworks */ = {isa = PBXBuildFile; fileRef = 92FD32FB19357E6A0016B32D /* Crashlytics.framework */; };
		92FD32FF1936CA0C0016B32D /* MyOffersViewContorller.m in Sources */ = {isa = PBXBuildFile; fileRef = 92FD32FE1936CA0C0016B32D /* MyOffersViewContorller.m */; };
		92FD33021936CB310016B32D /* MyRequestsViewController.m in Sources */ = {isa = PBXBuildFile; fileRef = 92FD33011936CB310016B32D /* MyRequestsViewController.m */; };
/* End PBXBuildFile section */

/* Begin PBXContainerItemProxy section */
		9226EEBF191573530014B319 /* PBXContainerItemProxy */ = {
			isa = PBXContainerItemProxy;
			containerPortal = 9226EE8E191573530014B319 /* Project object */;
			proxyType = 1;
			remoteGlobalIDString = 9226EE95191573530014B319;
			remoteInfo = CarPool;
		};
/* End PBXContainerItemProxy section */

/* Begin PBXFileReference section */
		2B9C8540FCBD4CDAAF57AC3E /* libPods.a */ = {isa = PBXFileReference; explicitFileType = archive.ar; includeInIndex = 0; path = libPods.a; sourceTree = BUILT_PRODUCTS_DIR; };
		715CC3CC364D4C49AB5B958E /* Pods.xcconfig */ = {isa = PBXFileReference; includeInIndex = 1; lastKnownFileType = text.xcconfig; name = Pods.xcconfig; path = Pods/Pods.xcconfig; sourceTree = "<group>"; };
		920917EF19270C63009701FA /* InboxCell.h */ = {isa = PBXFileReference; fileEncoding = 4; lastKnownFileType = sourcecode.c.h; path = InboxCell.h; sourceTree = "<group>"; };
		920917F019270C63009701FA /* InboxCell.m */ = {isa = PBXFileReference; fileEncoding = 4; lastKnownFileType = sourcecode.c.objc; path = InboxCell.m; sourceTree = "<group>"; };
		920917F61927ADA3009701FA /* UIImageView+Additions.h */ = {isa = PBXFileReference; fileEncoding = 4; lastKnownFileType = sourcecode.c.h; path = "UIImageView+Additions.h"; sourceTree = "<group>"; };
		920917F71927ADA3009701FA /* UIImageView+Additions.m */ = {isa = PBXFileReference; fileEncoding = 4; lastKnownFileType = sourcecode.c.objc; path = "UIImageView+Additions.m"; sourceTree = "<group>"; };
		920917F91927B187009701FA /* MKMapView+Additions.h */ = {isa = PBXFileReference; fileEncoding = 4; lastKnownFileType = sourcecode.c.h; path = "MKMapView+Additions.h"; sourceTree = "<group>"; };
		920917FA1927B187009701FA /* MKMapView+Additions.m */ = {isa = PBXFileReference; fileEncoding = 4; lastKnownFileType = sourcecode.c.objc; path = "MKMapView+Additions.m"; sourceTree = "<group>"; };
		920917FC1927B89F009701FA /* UIColor+Additions.h */ = {isa = PBXFileReference; fileEncoding = 4; lastKnownFileType = sourcecode.c.h; path = "UIColor+Additions.h"; sourceTree = "<group>"; };
		920917FD1927B89F009701FA /* UIColor+Additions.m */ = {isa = PBXFileReference; fileEncoding = 4; lastKnownFileType = sourcecode.c.objc; path = "UIColor+Additions.m"; sourceTree = "<group>"; };
		920918021927EDEA009701FA /* CommentClient.h */ = {isa = PBXFileReference; fileEncoding = 4; lastKnownFileType = sourcecode.c.h; path = CommentClient.h; sourceTree = "<group>"; };
		920918031927EDEA009701FA /* CommentClient.m */ = {isa = PBXFileReference; fileEncoding = 4; lastKnownFileType = sourcecode.c.objc; path = CommentClient.m; sourceTree = "<group>"; };
		9217A59619231698005E3A36 /* Installation.h */ = {isa = PBXFileReference; fileEncoding = 4; lastKnownFileType = sourcecode.c.h; path = Installation.h; sourceTree = "<group>"; };
		9217A59719231698005E3A36 /* Installation.m */ = {isa = PBXFileReference; fileEncoding = 4; lastKnownFileType = sourcecode.c.objc; path = Installation.m; sourceTree = "<group>"; };
		9217A59919231724005E3A36 /* PushNotificationManager.h */ = {isa = PBXFileReference; fileEncoding = 4; lastKnownFileType = sourcecode.c.h; path = PushNotificationManager.h; sourceTree = "<group>"; };
		9217A59A19231724005E3A36 /* PushNotificationManager.m */ = {isa = PBXFileReference; fileEncoding = 4; lastKnownFileType = sourcecode.c.objc; path = PushNotificationManager.m; sourceTree = "<group>"; };
		9217A59E19245214005E3A36 /* main.js */ = {isa = PBXFileReference; fileEncoding = 4; lastKnownFileType = sourcecode.javascript; path = main.js; sourceTree = "<group>"; };
		9217A5A019245214005E3A36 /* global.json */ = {isa = PBXFileReference; fileEncoding = 4; lastKnownFileType = text.json; path = global.json; sourceTree = "<group>"; };
		9217A5A219245214005E3A36 /* index.html */ = {isa = PBXFileReference; fileEncoding = 4; lastKnownFileType = text.html; path = index.html; sourceTree = "<group>"; };
		9217A5A719245AD9005E3A36 /* InboxViewController.h */ = {isa = PBXFileReference; fileEncoding = 4; lastKnownFileType = sourcecode.c.h; path = InboxViewController.h; sourceTree = "<group>"; };
		9217A5A819245AD9005E3A36 /* InboxViewController.m */ = {isa = PBXFileReference; fileEncoding = 4; lastKnownFileType = sourcecode.c.objc; path = InboxViewController.m; sourceTree = "<group>"; };
		9217A5AA1924681E005E3A36 /* Comment.h */ = {isa = PBXFileReference; fileEncoding = 4; lastKnownFileType = sourcecode.c.h; path = Comment.h; sourceTree = "<group>"; };
		9217A5AB1924681E005E3A36 /* Comment.m */ = {isa = PBXFileReference; fileEncoding = 4; lastKnownFileType = sourcecode.c.objc; path = Comment.m; sourceTree = "<group>"; };
		9226EE96191573530014B319 /* Carpool.app */ = {isa = PBXFileReference; explicitFileType = wrapper.application; includeInIndex = 0; path = Carpool.app; sourceTree = BUILT_PRODUCTS_DIR; };
		9226EE99191573530014B319 /* Foundation.framework */ = {isa = PBXFileReference; lastKnownFileType = wrapper.framework; name = Foundation.framework; path = System/Library/Frameworks/Foundation.framework; sourceTree = SDKROOT; };
		9226EE9B191573530014B319 /* CoreGraphics.framework */ = {isa = PBXFileReference; lastKnownFileType = wrapper.framework; name = CoreGraphics.framework; path = System/Library/Frameworks/CoreGraphics.framework; sourceTree = SDKROOT; };
		9226EE9D191573530014B319 /* UIKit.framework */ = {isa = PBXFileReference; lastKnownFileType = wrapper.framework; name = UIKit.framework; path = System/Library/Frameworks/UIKit.framework; sourceTree = SDKROOT; };
		9226EEA1191573530014B319 /* CarPool-Info.plist */ = {isa = PBXFileReference; lastKnownFileType = text.plist.xml; path = "CarPool-Info.plist"; sourceTree = "<group>"; };
		9226EEA3191573530014B319 /* en */ = {isa = PBXFileReference; lastKnownFileType = text.plist.strings; name = en; path = en.lproj/InfoPlist.strings; sourceTree = "<group>"; };
		9226EEA5191573530014B319 /* main.m */ = {isa = PBXFileReference; lastKnownFileType = sourcecode.c.objc; path = main.m; sourceTree = "<group>"; };
		9226EEA7191573530014B319 /* CarPool-Prefix.pch */ = {isa = PBXFileReference; lastKnownFileType = sourcecode.c.h; path = "CarPool-Prefix.pch"; sourceTree = "<group>"; };
		9226EEA8191573530014B319 /* AppDelegate.h */ = {isa = PBXFileReference; lastKnownFileType = sourcecode.c.h; path = AppDelegate.h; sourceTree = "<group>"; };
		9226EEA9191573530014B319 /* AppDelegate.m */ = {isa = PBXFileReference; lastKnownFileType = sourcecode.c.objc; path = AppDelegate.m; sourceTree = "<group>"; };
		9226EEAC191573530014B319 /* Base */ = {isa = PBXFileReference; lastKnownFileType = file.storyboard; name = Base; path = Base.lproj/Main_iPhone.storyboard; sourceTree = "<group>"; };
		9226EEAF191573530014B319 /* Base */ = {isa = PBXFileReference; lastKnownFileType = file.storyboard; name = Base; path = Base.lproj/Main_iPad.storyboard; sourceTree = "<group>"; };
		9226EEB4191573530014B319 /* Images.xcassets */ = {isa = PBXFileReference; lastKnownFileType = folder.assetcatalog; path = Images.xcassets; sourceTree = "<group>"; };
		9226EEBA191573530014B319 /* CarPoolTests.xctest */ = {isa = PBXFileReference; explicitFileType = wrapper.cfbundle; includeInIndex = 0; path = CarPoolTests.xctest; sourceTree = BUILT_PRODUCTS_DIR; };
		9226EEBB191573530014B319 /* XCTest.framework */ = {isa = PBXFileReference; lastKnownFileType = wrapper.framework; name = XCTest.framework; path = Library/Frameworks/XCTest.framework; sourceTree = DEVELOPER_DIR; };
		9226EEC3191573530014B319 /* CarPoolTests-Info.plist */ = {isa = PBXFileReference; lastKnownFileType = text.plist.xml; path = "CarPoolTests-Info.plist"; sourceTree = "<group>"; };
		9226EEC5191573530014B319 /* en */ = {isa = PBXFileReference; lastKnownFileType = text.plist.strings; name = en; path = en.lproj/InfoPlist.strings; sourceTree = "<group>"; };
		9226EEC7191573530014B319 /* CarPoolTests.m */ = {isa = PBXFileReference; lastKnownFileType = sourcecode.c.objc; path = CarPoolTests.m; sourceTree = "<group>"; };
		9226EED31915789F0014B319 /* MenuViewController.h */ = {isa = PBXFileReference; fileEncoding = 4; lastKnownFileType = sourcecode.c.h; path = MenuViewController.h; sourceTree = "<group>"; };
		9226EED41915789F0014B319 /* MenuViewController.m */ = {isa = PBXFileReference; fileEncoding = 4; lastKnownFileType = sourcecode.c.objc; path = MenuViewController.m; sourceTree = "<group>"; };
		9226EED719157A870014B319 /* UIViewController+Additions.h */ = {isa = PBXFileReference; fileEncoding = 4; lastKnownFileType = sourcecode.c.h; path = "UIViewController+Additions.h"; sourceTree = "<group>"; };
		9226EED819157A870014B319 /* UIViewController+Additions.m */ = {isa = PBXFileReference; fileEncoding = 4; lastKnownFileType = sourcecode.c.objc; path = "UIViewController+Additions.m"; sourceTree = "<group>"; };
		9226EEDB19157BEA0014B319 /* HomeViewController.h */ = {isa = PBXFileReference; fileEncoding = 4; lastKnownFileType = sourcecode.c.h; path = HomeViewController.h; sourceTree = "<group>"; };
		9226EEDC19157BEA0014B319 /* HomeViewController.m */ = {isa = PBXFileReference; fileEncoding = 4; lastKnownFileType = sourcecode.c.objc; path = HomeViewController.m; sourceTree = "<group>"; };
		9226EEDF19157D1A0014B319 /* LoginViewController.h */ = {isa = PBXFileReference; fileEncoding = 4; lastKnownFileType = sourcecode.c.h; path = LoginViewController.h; sourceTree = "<group>"; };
		9226EEE019157D1A0014B319 /* LoginViewController.m */ = {isa = PBXFileReference; fileEncoding = 4; lastKnownFileType = sourcecode.c.objc; path = LoginViewController.m; sourceTree = "<group>"; };
		9226EEEA1915B82B0014B319 /* LocationManager.h */ = {isa = PBXFileReference; fileEncoding = 4; lastKnownFileType = sourcecode.c.h; path = LocationManager.h; sourceTree = "<group>"; };
		9226EEEB1915B82B0014B319 /* LocationManager.m */ = {isa = PBXFileReference; fileEncoding = 4; lastKnownFileType = sourcecode.c.objc; path = LocationManager.m; sourceTree = "<group>"; };
		9226EEED1915B8E70014B319 /* CoreLocation.framework */ = {isa = PBXFileReference; lastKnownFileType = wrapper.framework; name = CoreLocation.framework; path = System/Library/Frameworks/CoreLocation.framework; sourceTree = SDKROOT; };
		9226EEF01915CBE90014B319 /* CarPoolOffer.h */ = {isa = PBXFileReference; fileEncoding = 4; lastKnownFileType = sourcecode.c.h; path = CarPoolOffer.h; sourceTree = "<group>"; };
		9226EEF11915CBE90014B319 /* CarPoolOffer.m */ = {isa = PBXFileReference; fileEncoding = 4; lastKnownFileType = sourcecode.c.objc; path = CarPoolOffer.m; sourceTree = "<group>"; };
		9226EF061915DCEB0014B319 /* SettingsViewController.h */ = {isa = PBXFileReference; fileEncoding = 4; lastKnownFileType = sourcecode.c.h; path = SettingsViewController.h; sourceTree = "<group>"; };
		9226EF071915DCEB0014B319 /* SettingsViewController.m */ = {isa = PBXFileReference; fileEncoding = 4; lastKnownFileType = sourcecode.c.objc; path = SettingsViewController.m; sourceTree = "<group>"; };
		9226EF11191694FC0014B319 /* CarPoolOfferClient.h */ = {isa = PBXFileReference; fileEncoding = 4; lastKnownFileType = sourcecode.c.h; path = CarPoolOfferClient.h; sourceTree = "<group>"; };
		9226EF12191694FC0014B319 /* CarPoolOfferClient.m */ = {isa = PBXFileReference; fileEncoding = 4; lastKnownFileType = sourcecode.c.objc; path = CarPoolOfferClient.m; sourceTree = "<group>"; };
		9226EF14191695120014B319 /* AuthenticationClient.h */ = {isa = PBXFileReference; fileEncoding = 4; lastKnownFileType = sourcecode.c.h; path = AuthenticationClient.h; sourceTree = "<group>"; };
		9226EF15191695120014B319 /* AuthenticationClient.m */ = {isa = PBXFileReference; fileEncoding = 4; lastKnownFileType = sourcecode.c.objc; path = AuthenticationClient.m; sourceTree = "<group>"; };
		9226EF1819169CF00014B319 /* BaseViewController.h */ = {isa = PBXFileReference; fileEncoding = 4; lastKnownFileType = sourcecode.c.h; path = BaseViewController.h; sourceTree = "<group>"; };
		9226EF1919169CF00014B319 /* BaseViewController.m */ = {isa = PBXFileReference; fileEncoding = 4; lastKnownFileType = sourcecode.c.objc; path = BaseViewController.m; sourceTree = "<group>"; };
		9226EF1B19169F810014B319 /* UITableView+Additions.h */ = {isa = PBXFileReference; fileEncoding = 4; lastKnownFileType = sourcecode.c.h; path = "UITableView+Additions.h"; sourceTree = "<group>"; };
		9226EF1C19169F810014B319 /* UITableView+Additions.m */ = {isa = PBXFileReference; fileEncoding = 4; lastKnownFileType = sourcecode.c.objc; path = "UITableView+Additions.m"; sourceTree = "<group>"; };
		9226EF1E1916A4190014B319 /* CarPoolRequestClient.h */ = {isa = PBXFileReference; fileEncoding = 4; lastKnownFileType = sourcecode.c.h; path = CarPoolRequestClient.h; sourceTree = "<group>"; };
		9226EF1F1916A4190014B319 /* CarPoolRequestClient.m */ = {isa = PBXFileReference; fileEncoding = 4; lastKnownFileType = sourcecode.c.objc; path = CarPoolRequestClient.m; sourceTree = "<group>"; };
		9226EF211916A4370014B319 /* CarPoolRequest.h */ = {isa = PBXFileReference; fileEncoding = 4; lastKnownFileType = sourcecode.c.h; path = CarPoolRequest.h; sourceTree = "<group>"; };
		9226EF221916A4370014B319 /* CarPoolRequest.m */ = {isa = PBXFileReference; fileEncoding = 4; lastKnownFileType = sourcecode.c.objc; path = CarPoolRequest.m; sourceTree = "<group>"; };
		9226EF281916DAA80014B319 /* SignUpViewController.h */ = {isa = PBXFileReference; fileEncoding = 4; lastKnownFileType = sourcecode.c.h; path = SignUpViewController.h; sourceTree = "<group>"; };
		9226EF291916DAA80014B319 /* SignUpViewController.m */ = {isa = PBXFileReference; fileEncoding = 4; lastKnownFileType = sourcecode.c.objc; path = SignUpViewController.m; sourceTree = "<group>"; };
		9226EF2C1916E31F0014B319 /* LocationSearchViewController.h */ = {isa = PBXFileReference; fileEncoding = 4; lastKnownFileType = sourcecode.c.h; path = LocationSearchViewController.h; sourceTree = "<group>"; };
		9226EF2D1916E31F0014B319 /* LocationSearchViewController.m */ = {isa = PBXFileReference; fileEncoding = 4; lastKnownFileType = sourcecode.c.objc; path = LocationSearchViewController.m; sourceTree = "<group>"; };
		9226EF37191707F10014B319 /* poweredByGoogle.png */ = {isa = PBXFileReference; lastKnownFileType = image.png; path = poweredByGoogle.png; sourceTree = "<group>"; };
		923E15D31929215200AD1B5A /* MyOfferCell.h */ = {isa = PBXFileReference; fileEncoding = 4; lastKnownFileType = sourcecode.c.h; path = MyOfferCell.h; sourceTree = "<group>"; };
		923E15D41929215200AD1B5A /* MyOfferCell.m */ = {isa = PBXFileReference; fileEncoding = 4; lastKnownFileType = sourcecode.c.objc; path = MyOfferCell.m; sourceTree = "<group>"; };
		923E15D51929215200AD1B5A /* MyActivitiesViewController.h */ = {isa = PBXFileReference; fileEncoding = 4; lastKnownFileType = sourcecode.c.h; path = MyActivitiesViewController.h; sourceTree = "<group>"; };
		923E15D61929215200AD1B5A /* MyActivitiesViewController.m */ = {isa = PBXFileReference; fileEncoding = 4; lastKnownFileType = sourcecode.c.objc; path = MyActivitiesViewController.m; sourceTree = "<group>"; };
		923E15D919292F7700AD1B5A /* MyRequestCell.h */ = {isa = PBXFileReference; fileEncoding = 4; lastKnownFileType = sourcecode.c.h; path = MyRequestCell.h; sourceTree = "<group>"; };
		923E15DA19292F7700AD1B5A /* MyRequestCell.m */ = {isa = PBXFileReference; fileEncoding = 4; lastKnownFileType = sourcecode.c.objc; path = MyRequestCell.m; sourceTree = "<group>"; };
		923E15DC1929A54800AD1B5A /* Profile.h */ = {isa = PBXFileReference; fileEncoding = 4; lastKnownFileType = sourcecode.c.h; path = Profile.h; sourceTree = "<group>"; };
		923E15DD1929A54800AD1B5A /* Profile.m */ = {isa = PBXFileReference; fileEncoding = 4; lastKnownFileType = sourcecode.c.objc; path = Profile.m; sourceTree = "<group>"; };
		923E15DF1929A67400AD1B5A /* Reference.h */ = {isa = PBXFileReference; fileEncoding = 4; lastKnownFileType = sourcecode.c.h; path = Reference.h; sourceTree = "<group>"; };
		923E15E01929A67400AD1B5A /* Reference.m */ = {isa = PBXFileReference; fileEncoding = 4; lastKnownFileType = sourcecode.c.objc; path = Reference.m; sourceTree = "<group>"; };
		923E15E31929A85000AD1B5A /* ProfileViewController.h */ = {isa = PBXFileReference; fileEncoding = 4; lastKnownFileType = sourcecode.c.h; path = ProfileViewController.h; sourceTree = "<group>"; };
		923E15E41929A85000AD1B5A /* ProfileViewController.m */ = {isa = PBXFileReference; fileEncoding = 4; lastKnownFileType = sourcecode.c.objc; path = ProfileViewController.m; sourceTree = "<group>"; };
		923E94E91930F6D3008411AA /* filter.png */ = {isa = PBXFileReference; lastKnownFileType = image.png; path = filter.png; sourceTree = "<group>"; };
		923E94EC1930F894008411AA /* SearchFilterViewController.h */ = {isa = PBXFileReference; fileEncoding = 4; lastKnownFileType = sourcecode.c.h; path = SearchFilterViewController.h; sourceTree = "<group>"; };
		923E94ED1930F894008411AA /* SearchFilterViewController.m */ = {isa = PBXFileReference; fileEncoding = 4; lastKnownFileType = sourcecode.c.objc; path = SearchFilterViewController.m; sourceTree = "<group>"; };
		923E94EF1931178B008411AA /* SearchFilter.h */ = {isa = PBXFileReference; fileEncoding = 4; lastKnownFileType = sourcecode.c.h; path = SearchFilter.h; sourceTree = "<group>"; };
		923E94F01931178B008411AA /* SearchFilter.m */ = {isa = PBXFileReference; fileEncoding = 4; lastKnownFileType = sourcecode.c.objc; path = SearchFilter.m; sourceTree = "<group>"; };
		923E94F3193165BF008411AA /* CreateReferenceViewController.h */ = {isa = PBXFileReference; fileEncoding = 4; lastKnownFileType = sourcecode.c.h; path = CreateReferenceViewController.h; sourceTree = "<group>"; };
		923E94F4193165BF008411AA /* CreateReferenceViewController.m */ = {isa = PBXFileReference; fileEncoding = 4; lastKnownFileType = sourcecode.c.objc; path = CreateReferenceViewController.m; sourceTree = "<group>"; };
		923E94F619316769008411AA /* ReferenceClient.h */ = {isa = PBXFileReference; fileEncoding = 4; lastKnownFileType = sourcecode.c.h; path = ReferenceClient.h; sourceTree = "<group>"; };
		923E94F719316769008411AA /* ReferenceClient.m */ = {isa = PBXFileReference; fileEncoding = 4; lastKnownFileType = sourcecode.c.objc; path = ReferenceClient.m; sourceTree = "<group>"; };
		923E94FA193198E0008411AA /* ReferencesViewController.h */ = {isa = PBXFileReference; fileEncoding = 4; lastKnownFileType = sourcecode.c.h; path = ReferencesViewController.h; sourceTree = "<group>"; };
		923E94FB193198E0008411AA /* ReferencesViewController.m */ = {isa = PBXFileReference; fileEncoding = 4; lastKnownFileType = sourcecode.c.objc; path = ReferencesViewController.m; sourceTree = "<group>"; };
		923E94FD19319D6A008411AA /* ReferenceCell.h */ = {isa = PBXFileReference; fileEncoding = 4; lastKnownFileType = sourcecode.c.h; path = ReferenceCell.h; sourceTree = "<group>"; };
		923E94FE19319D6A008411AA /* ReferenceCell.m */ = {isa = PBXFileReference; fileEncoding = 4; lastKnownFileType = sourcecode.c.objc; path = ReferenceCell.m; sourceTree = "<group>"; };
		923E95001931B96E008411AA /* ApplicationVersion.h */ = {isa = PBXFileReference; fileEncoding = 4; lastKnownFileType = sourcecode.c.h; path = ApplicationVersion.h; sourceTree = "<group>"; };
		923E95011931B96E008411AA /* ApplicationVersion.m */ = {isa = PBXFileReference; fileEncoding = 4; lastKnownFileType = sourcecode.c.objc; path = ApplicationVersion.m; sourceTree = "<group>"; };
		923E95031931BA02008411AA /* ApplicationVersionManager.h */ = {isa = PBXFileReference; fileEncoding = 4; lastKnownFileType = sourcecode.c.h; path = ApplicationVersionManager.h; sourceTree = "<group>"; };
		923E95041931BA02008411AA /* ApplicationVersionManager.m */ = {isa = PBXFileReference; fileEncoding = 4; lastKnownFileType = sourcecode.c.objc; path = ApplicationVersionManager.m; sourceTree = "<group>"; };
		923E95061931BA16008411AA /* ApplicationVersionClient.h */ = {isa = PBXFileReference; fileEncoding = 4; lastKnownFileType = sourcecode.c.h; path = ApplicationVersionClient.h; sourceTree = "<group>"; };
		923E95071931BA16008411AA /* ApplicationVersionClient.m */ = {isa = PBXFileReference; fileEncoding = 4; lastKnownFileType = sourcecode.c.objc; path = ApplicationVersionClient.m; sourceTree = "<group>"; };
		923E950A19325DB5008411AA /* MessageComposerView.h */ = {isa = PBXFileReference; fileEncoding = 4; lastKnownFileType = sourcecode.c.h; path = MessageComposerView.h; sourceTree = "<group>"; };
		923E950B19325DB5008411AA /* MessageComposerView.m */ = {isa = PBXFileReference; fileEncoding = 4; lastKnownFileType = sourcecode.c.objc; path = MessageComposerView.m; sourceTree = "<group>"; };
		923E950D19325DC6008411AA /* MessageComposerView.xib */ = {isa = PBXFileReference; fileEncoding = 4; lastKnownFileType = file.xib; path = MessageComposerView.xib; sourceTree = "<group>"; };
		9255117C1939748E00132526 /* reference.png */ = {isa = PBXFileReference; lastKnownFileType = image.png; path = reference.png; sourceTree = "<group>"; };
		925511C9193A361500132526 /* AutoResizingTextView.h */ = {isa = PBXFileReference; fileEncoding = 4; lastKnownFileType = sourcecode.c.h; path = AutoResizingTextView.h; sourceTree = "<group>"; };
		925511CA193A361500132526 /* AutoResizingTextView.m */ = {isa = PBXFileReference; fileEncoding = 4; lastKnownFileType = sourcecode.c.objc; path = AutoResizingTextView.m; sourceTree = "<group>"; };
		925511CE193A503600132526 /* GoogleAnalyticsManager.h */ = {isa = PBXFileReference; fileEncoding = 4; lastKnownFileType = sourcecode.c.h; path = GoogleAnalyticsManager.h; sourceTree = "<group>"; };
		925511CF193A503600132526 /* GoogleAnalyticsManager.m */ = {isa = PBXFileReference; fileEncoding = 4; lastKnownFileType = sourcecode.c.objc; path = GoogleAnalyticsManager.m; sourceTree = "<group>"; };
		925511D5193AB50400132526 /* LICENSE */ = {isa = PBXFileReference; fileEncoding = 4; lastKnownFileType = text; path = LICENSE; sourceTree = "<group>"; };
		925511D6193AB50400132526 /* NSDate+TimeAgo.h */ = {isa = PBXFileReference; fileEncoding = 4; lastKnownFileType = sourcecode.c.h; path = "NSDate+TimeAgo.h"; sourceTree = "<group>"; };
		925511D7193AB50400132526 /* NSDate+TimeAgo.m */ = {isa = PBXFileReference; fileEncoding = 4; lastKnownFileType = sourcecode.c.objc; path = "NSDate+TimeAgo.m"; sourceTree = "<group>"; };
		925511D8193AB50400132526 /* NSDateTimeAgo.bundle */ = {isa = PBXFileReference; lastKnownFileType = "wrapper.plug-in"; path = NSDateTimeAgo.bundle; sourceTree = "<group>"; };
		925511D9193AB50400132526 /* README.md */ = {isa = PBXFileReference; fileEncoding = 4; lastKnownFileType = text; path = README.md; sourceTree = "<group>"; };
		9255122D193B8EAF00132526 /* StepsViewController.h */ = {isa = PBXFileReference; fileEncoding = 4; lastKnownFileType = sourcecode.c.h; path = StepsViewController.h; sourceTree = "<group>"; };
		9255122E193B8EAF00132526 /* StepsViewController.m */ = {isa = PBXFileReference; fileEncoding = 4; lastKnownFileType = sourcecode.c.objc; path = StepsViewController.m; sourceTree = "<group>"; };
		92551235193B9A7100132526 /* PeriodPickerViewController.h */ = {isa = PBXFileReference; fileEncoding = 4; lastKnownFileType = sourcecode.c.h; path = PeriodPickerViewController.h; sourceTree = "<group>"; };
		92551236193B9A7100132526 /* PeriodPickerViewController.m */ = {isa = PBXFileReference; fileEncoding = 4; lastKnownFileType = sourcecode.c.objc; path = PeriodPickerViewController.m; sourceTree = "<group>"; };
		92551238193B9C6F00132526 /* CreateOfferStepsViewController.h */ = {isa = PBXFileReference; fileEncoding = 4; lastKnownFileType = sourcecode.c.h; path = CreateOfferStepsViewController.h; sourceTree = "<group>"; };
		92551239193B9C6F00132526 /* CreateOfferStepsViewController.m */ = {isa = PBXFileReference; fileEncoding = 4; lastKnownFileType = sourcecode.c.objc; path = CreateOfferStepsViewController.m; sourceTree = "<group>"; };
		9255123C193BA61B00132526 /* DateTimePickerViewController.h */ = {isa = PBXFileReference; fileEncoding = 4; lastKnownFileType = sourcecode.c.h; path = DateTimePickerViewController.h; sourceTree = "<group>"; };
		9255123D193BA61B00132526 /* DateTimePickerViewController.m */ = {isa = PBXFileReference; fileEncoding = 4; lastKnownFileType = sourcecode.c.objc; path = DateTimePickerViewController.m; sourceTree = "<group>"; };
		92551240193BB96800132526 /* LocationPickerViewController.h */ = {isa = PBXFileReference; fileEncoding = 4; lastKnownFileType = sourcecode.c.h; path = LocationPickerViewController.h; sourceTree = "<group>"; };
		92551241193BB96800132526 /* LocationPickerViewController.m */ = {isa = PBXFileReference; fileEncoding = 4; lastKnownFileType = sourcecode.c.objc; path = LocationPickerViewController.m; sourceTree = "<group>"; };
		92551244193BBEC400132526 /* MessagePickerViewController.h */ = {isa = PBXFileReference; fileEncoding = 4; lastKnownFileType = sourcecode.c.h; path = MessagePickerViewController.h; sourceTree = "<group>"; };
		92551245193BBEC400132526 /* MessagePickerViewController.m */ = {isa = PBXFileReference; fileEncoding = 4; lastKnownFileType = sourcecode.c.objc; path = MessagePickerViewController.m; sourceTree = "<group>"; };
		92551247193BD1F000132526 /* next.png */ = {isa = PBXFileReference; lastKnownFileType = image.png; path = next.png; sourceTree = "<group>"; };
		92551248193BD1F000132526 /* previous.png */ = {isa = PBXFileReference; lastKnownFileType = image.png; path = previous.png; sourceTree = "<group>"; };
		925FB6261933E1FC00814B5A /* ReferenceViewController.h */ = {isa = PBXFileReference; fileEncoding = 4; lastKnownFileType = sourcecode.c.h; path = ReferenceViewController.h; sourceTree = "<group>"; };
		925FB6271933E1FC00814B5A /* ReferenceViewController.m */ = {isa = PBXFileReference; fileEncoding = 4; lastKnownFileType = sourcecode.c.objc; path = ReferenceViewController.m; sourceTree = "<group>"; };
		925FB62A193452B800814B5A /* PushNotificationSettingViewController.h */ = {isa = PBXFileReference; fileEncoding = 4; lastKnownFileType = sourcecode.c.h; path = PushNotificationSettingViewController.h; sourceTree = "<group>"; };
		925FB62B193452B800814B5A /* PushNotificationSettingViewController.m */ = {isa = PBXFileReference; fileEncoding = 4; lastKnownFileType = sourcecode.c.objc; path = PushNotificationSettingViewController.m; sourceTree = "<group>"; };
		925FB62D193453F500814B5A /* NotificationSetting.h */ = {isa = PBXFileReference; fileEncoding = 4; lastKnownFileType = sourcecode.c.h; path = NotificationSetting.h; sourceTree = "<group>"; };
		925FB62E193453F500814B5A /* NotificationSetting.m */ = {isa = PBXFileReference; fileEncoding = 4; lastKnownFileType = sourcecode.c.objc; path = NotificationSetting.m; sourceTree = "<group>"; };
		925FB63019345B9600814B5A /* UserNotificationSetting.h */ = {isa = PBXFileReference; fileEncoding = 4; lastKnownFileType = sourcecode.c.h; path = UserNotificationSetting.h; sourceTree = "<group>"; };
		925FB63119345B9600814B5A /* UserNotificationSetting.m */ = {isa = PBXFileReference; fileEncoding = 4; lastKnownFileType = sourcecode.c.objc; path = UserNotificationSetting.m; sourceTree = "<group>"; };
		925FB633193460FE00814B5A /* UserNotificationSettingClient.h */ = {isa = PBXFileReference; fileEncoding = 4; lastKnownFileType = sourcecode.c.h; path = UserNotificationSettingClient.h; sourceTree = "<group>"; };
		925FB634193460FE00814B5A /* UserNotificationSettingClient.m */ = {isa = PBXFileReference; fileEncoding = 4; lastKnownFileType = sourcecode.c.objc; path = UserNotificationSettingClient.m; sourceTree = "<group>"; };
		925FB63619346D9E00814B5A /* UserNotificationSettingCell.h */ = {isa = PBXFileReference; fileEncoding = 4; lastKnownFileType = sourcecode.c.h; path = UserNotificationSettingCell.h; sourceTree = "<group>"; };
		925FB63719346D9E00814B5A /* UserNotificationSettingCell.m */ = {isa = PBXFileReference; fileEncoding = 4; lastKnownFileType = sourcecode.c.objc; path = UserNotificationSettingCell.m; sourceTree = "<group>"; };
		92677F681932975F008046DE /* InsetEnabledLabel.h */ = {isa = PBXFileReference; fileEncoding = 4; lastKnownFileType = sourcecode.c.h; path = InsetEnabledLabel.h; sourceTree = "<group>"; };
		92677F691932975F008046DE /* InsetEnabledLabel.m */ = {isa = PBXFileReference; fileEncoding = 4; lastKnownFileType = sourcecode.c.objc; path = InsetEnabledLabel.m; sourceTree = "<group>"; };
		92677F6C1933A002008046DE /* PersonalMessagesViewController.h */ = {isa = PBXFileReference; fileEncoding = 4; lastKnownFileType = sourcecode.c.h; path = PersonalMessagesViewController.h; sourceTree = "<group>"; };
		92677F6D1933A002008046DE /* PersonalMessagesViewController.m */ = {isa = PBXFileReference; fileEncoding = 4; lastKnownFileType = sourcecode.c.objc; path = PersonalMessagesViewController.m; sourceTree = "<group>"; };
		92677F701933A36B008046DE /* CommentCell.h */ = {isa = PBXFileReference; fileEncoding = 4; lastKnownFileType = sourcecode.c.h; path = CommentCell.h; sourceTree = "<group>"; };
		92677F711933A36B008046DE /* CommentCell.m */ = {isa = PBXFileReference; fileEncoding = 4; lastKnownFileType = sourcecode.c.objc; path = CommentCell.m; sourceTree = "<group>"; };
		92677F721933A36B008046DE /* RequestDetailViewController.h */ = {isa = PBXFileReference; fileEncoding = 4; lastKnownFileType = sourcecode.c.h; path = RequestDetailViewController.h; sourceTree = "<group>"; };
		92677F731933A36B008046DE /* RequestDetailViewController.m */ = {isa = PBXFileReference; fileEncoding = 4; lastKnownFileType = sourcecode.c.objc; path = RequestDetailViewController.m; sourceTree = "<group>"; };
		926EF4EF19533633001BEC5B /* CalendarViewController.h */ = {isa = PBXFileReference; fileEncoding = 4; lastKnownFileType = sourcecode.c.h; path = CalendarViewController.h; sourceTree = "<group>"; };
		926EF4F019533633001BEC5B /* CalendarViewController.m */ = {isa = PBXFileReference; fileEncoding = 4; lastKnownFileType = sourcecode.c.objc; path = CalendarViewController.m; sourceTree = "<group>"; };
		9277BA4E19568C90009C01FF /* CalendarCell.h */ = {isa = PBXFileReference; fileEncoding = 4; lastKnownFileType = sourcecode.c.h; path = CalendarCell.h; sourceTree = "<group>"; };
		9277BA4F19568C90009C01FF /* CalendarCell.m */ = {isa = PBXFileReference; fileEncoding = 4; lastKnownFileType = sourcecode.c.objc; path = CalendarCell.m; sourceTree = "<group>"; };
		9277BA511957403D009C01FF /* CalendarHeader.h */ = {isa = PBXFileReference; fileEncoding = 4; lastKnownFileType = sourcecode.c.h; path = CalendarHeader.h; sourceTree = "<group>"; };
		9277BA521957403D009C01FF /* CalendarHeader.m */ = {isa = PBXFileReference; fileEncoding = 4; lastKnownFileType = sourcecode.c.objc; path = CalendarHeader.m; sourceTree = "<group>"; };
		9277BA5719577A6A009C01FF /* NSArray+Additions.h */ = {isa = PBXFileReference; fileEncoding = 4; lastKnownFileType = sourcecode.c.h; path = "NSArray+Additions.h"; sourceTree = "<group>"; };
		9277BA5819577A6A009C01FF /* NSArray+Additions.m */ = {isa = PBXFileReference; fileEncoding = 4; lastKnownFileType = sourcecode.c.objc; path = "NSArray+Additions.m"; sourceTree = "<group>"; };
		927ABFB8191A170300CC3A2B /* closeButton.png */ = {isa = PBXFileReference; lastKnownFileType = image.png; path = closeButton.png; sourceTree = "<group>"; };
		927ABFBA191A19F000CC3A2B /* UIView+Additions.h */ = {isa = PBXFileReference; fileEncoding = 4; lastKnownFileType = sourcecode.c.h; path = "UIView+Additions.h"; sourceTree = "<group>"; };
		927ABFBB191A19F000CC3A2B /* UIView+Additions.m */ = {isa = PBXFileReference; fileEncoding = 4; lastKnownFileType = sourcecode.c.objc; path = "UIView+Additions.m"; sourceTree = "<group>"; };
		927ABFC2191DC14B00CC3A2B /* HomeOfferDetailViewController.h */ = {isa = PBXFileReference; fileEncoding = 4; lastKnownFileType = sourcecode.c.h; path = HomeOfferDetailViewController.h; sourceTree = "<group>"; };
		927ABFC3191DC14B00CC3A2B /* HomeOfferDetailViewController.m */ = {isa = PBXFileReference; fileEncoding = 4; lastKnownFileType = sourcecode.c.objc; path = HomeOfferDetailViewController.m; sourceTree = "<group>"; };
		928266C2191E904F001AD534 /* currntLocation.png */ = {isa = PBXFileReference; lastKnownFileType = image.png; path = currntLocation.png; sourceTree = "<group>"; };
		928266C6191E9195001AD534 /* map.png */ = {isa = PBXFileReference; lastKnownFileType = image.png; path = map.png; sourceTree = "<group>"; };
		928266C9191E9B9C001AD534 /* PinEnabledMapView.h */ = {isa = PBXFileReference; fileEncoding = 4; lastKnownFileType = sourcecode.c.h; path = PinEnabledMapView.h; sourceTree = "<group>"; };
		928266CA191E9B9C001AD534 /* PinEnabledMapView.m */ = {isa = PBXFileReference; fileEncoding = 4; lastKnownFileType = sourcecode.c.objc; path = PinEnabledMapView.m; sourceTree = "<group>"; };
		928266CC191EABF6001AD534 /* LocationSearchClient.h */ = {isa = PBXFileReference; fileEncoding = 4; lastKnownFileType = sourcecode.c.h; path = LocationSearchClient.h; sourceTree = "<group>"; };
		928266CD191EABF6001AD534 /* LocationSearchClient.m */ = {isa = PBXFileReference; fileEncoding = 4; lastKnownFileType = sourcecode.c.objc; path = LocationSearchClient.m; sourceTree = "<group>"; };
		92881403191DD6BF00726DD8 /* User.h */ = {isa = PBXFileReference; fileEncoding = 4; lastKnownFileType = sourcecode.c.h; path = User.h; sourceTree = "<group>"; };
		92881404191DD6BF00726DD8 /* User.m */ = {isa = PBXFileReference; fileEncoding = 4; lastKnownFileType = sourcecode.c.objc; path = User.m; sourceTree = "<group>"; };
		9298BF37194B6E0C00157E42 /* CreateRequestStepsViewController.h */ = {isa = PBXFileReference; fileEncoding = 4; lastKnownFileType = sourcecode.c.h; path = CreateRequestStepsViewController.h; sourceTree = "<group>"; };
		9298BF38194B6E0C00157E42 /* CreateRequestStepsViewController.m */ = {isa = PBXFileReference; fileEncoding = 4; lastKnownFileType = sourcecode.c.objc; path = CreateRequestStepsViewController.m; sourceTree = "<group>"; };
		9298BF3A194BBE7500157E42 /* dsadsaViewController.h */ = {isa = PBXFileReference; fileEncoding = 4; lastKnownFileType = sourcecode.c.h; path = dsadsaViewController.h; sourceTree = "<group>"; };
		9298BF3B194BBE7500157E42 /* dsadsaViewController.m */ = {isa = PBXFileReference; fileEncoding = 4; lastKnownFileType = sourcecode.c.objc; path = dsadsaViewController.m; sourceTree = "<group>"; };
		9298BF41194CADD900157E42 /* Constants.h */ = {isa = PBXFileReference; fileEncoding = 4; lastKnownFileType = sourcecode.c.h; path = Constants.h; sourceTree = "<group>"; };
		9298BF44194CAE0300157E42 /* userPlaceholder.png */ = {isa = PBXFileReference; lastKnownFileType = image.png; path = userPlaceholder.png; sourceTree = "<group>"; };
		9298BF46194CB13600157E42 /* ProfileEditableHeader.h */ = {isa = PBXFileReference; fileEncoding = 4; lastKnownFileType = sourcecode.c.h; path = ProfileEditableHeader.h; sourceTree = "<group>"; };
		9298BF47194CB13600157E42 /* ProfileEditableHeader.m */ = {isa = PBXFileReference; fileEncoding = 4; lastKnownFileType = sourcecode.c.objc; path = ProfileEditableHeader.m; sourceTree = "<group>"; };
		9298BF49194CB14D00157E42 /* ProfileEditableHeader.xib */ = {isa = PBXFileReference; fileEncoding = 4; lastKnownFileType = file.xib; path = ProfileEditableHeader.xib; sourceTree = "<group>"; };
		9298BF4B194CC23E00157E42 /* ProfileEditableCell.h */ = {isa = PBXFileReference; fileEncoding = 4; lastKnownFileType = sourcecode.c.h; path = ProfileEditableCell.h; sourceTree = "<group>"; };
		9298BF4C194CC23E00157E42 /* ProfileEditableCell.m */ = {isa = PBXFileReference; fileEncoding = 4; lastKnownFileType = sourcecode.c.objc; path = ProfileEditableCell.m; sourceTree = "<group>"; };
		9298BF4E194CC4A300157E42 /* ProfileEditableCell.xib */ = {isa = PBXFileReference; fileEncoding = 4; lastKnownFileType = file.xib; path = ProfileEditableCell.xib; sourceTree = "<group>"; };
		9298BF50194D301B00157E42 /* UserClient.h */ = {isa = PBXFileReference; fileEncoding = 4; lastKnownFileType = sourcecode.c.h; path = UserClient.h; sourceTree = "<group>"; };
		9298BF51194D301B00157E42 /* UserClient.m */ = {isa = PBXFileReference; fileEncoding = 4; lastKnownFileType = sourcecode.c.objc; path = UserClient.m; sourceTree = "<group>"; };
		9298BF53194D463E00157E42 /* NoContentView.h */ = {isa = PBXFileReference; fileEncoding = 4; lastKnownFileType = sourcecode.c.h; path = NoContentView.h; sourceTree = "<group>"; };
		9298BF54194D463E00157E42 /* NoContentView.m */ = {isa = PBXFileReference; fileEncoding = 4; lastKnownFileType = sourcecode.c.objc; path = NoContentView.m; sourceTree = "<group>"; };
		9298BF56194D467400157E42 /* NoContentView.xib */ = {isa = PBXFileReference; fileEncoding = 4; lastKnownFileType = file.xib; path = NoContentView.xib; sourceTree = "<group>"; };
		9298BF59194E960500157E42 /* OfferDetailViewController.h */ = {isa = PBXFileReference; fileEncoding = 4; lastKnownFileType = sourcecode.c.h; path = OfferDetailViewController.h; sourceTree = "<group>"; };
		9298BF5A194E960500157E42 /* OfferDetailViewController.m */ = {isa = PBXFileReference; fileEncoding = 4; lastKnownFileType = sourcecode.c.objc; path = OfferDetailViewController.m; sourceTree = "<group>"; };
		92B568D219170E2900CEF58F /* endPoint.png */ = {isa = PBXFileReference; lastKnownFileType = image.png; path = endPoint.png; sourceTree = "<group>"; };
		92B568D319170E2900CEF58F /* calendar.png */ = {isa = PBXFileReference; lastKnownFileType = image.png; path = calendar.png; sourceTree = "<group>"; };
		92B568D419170E2900CEF58F /* startPoint.png */ = {isa = PBXFileReference; lastKnownFileType = image.png; path = startPoint.png; sourceTree = "<group>"; };
		92B568D81917147700CEF58F /* Location.h */ = {isa = PBXFileReference; fileEncoding = 4; lastKnownFileType = sourcecode.c.h; path = Location.h; sourceTree = "<group>"; };
		92B568D91917147700CEF58F /* Location.m */ = {isa = PBXFileReference; fileEncoding = 4; lastKnownFileType = sourcecode.c.objc; path = Location.m; sourceTree = "<group>"; };
		92B568DE19172F5700CEF58F /* MapKit.framework */ = {isa = PBXFileReference; lastKnownFileType = wrapper.framework; name = MapKit.framework; path = System/Library/Frameworks/MapKit.framework; sourceTree = SDKROOT; };
		92ED7AC11944DC960095F77E /* NSDate+Additions.h */ = {isa = PBXFileReference; fileEncoding = 4; lastKnownFileType = sourcecode.c.h; path = "NSDate+Additions.h"; sourceTree = "<group>"; };
		92ED7AC21944DC960095F77E /* NSDate+Additions.m */ = {isa = PBXFileReference; fileEncoding = 4; lastKnownFileType = sourcecode.c.objc; path = "NSDate+Additions.m"; sourceTree = "<group>"; };
		92FD32FB19357E6A0016B32D /* Crashlytics.framework */ = {isa = PBXFileReference; lastKnownFileType = wrapper.framework; path = Crashlytics.framework; sourceTree = "<group>"; };
		92FD32FD1936CA0C0016B32D /* MyOffersViewContorller.h */ = {isa = PBXFileReference; fileEncoding = 4; lastKnownFileType = sourcecode.c.h; path = MyOffersViewContorller.h; sourceTree = "<group>"; };
		92FD32FE1936CA0C0016B32D /* MyOffersViewContorller.m */ = {isa = PBXFileReference; fileEncoding = 4; lastKnownFileType = sourcecode.c.objc; path = MyOffersViewContorller.m; sourceTree = "<group>"; };
		92FD33001936CB310016B32D /* MyRequestsViewController.h */ = {isa = PBXFileReference; fileEncoding = 4; lastKnownFileType = sourcecode.c.h; path = MyRequestsViewController.h; sourceTree = "<group>"; };
		92FD33011936CB310016B32D /* MyRequestsViewController.m */ = {isa = PBXFileReference; fileEncoding = 4; lastKnownFileType = sourcecode.c.objc; path = MyRequestsViewController.m; sourceTree = "<group>"; };
/* End PBXFileReference section */

/* Begin PBXFrameworksBuildPhase section */
		9226EE93191573530014B319 /* Frameworks */ = {
			isa = PBXFrameworksBuildPhase;
			buildActionMask = 2147483647;
			files = (
				92B568DF19172F5700CEF58F /* MapKit.framework in Frameworks */,
				9226EEEE1915B8E70014B319 /* CoreLocation.framework in Frameworks */,
				9226EE9C191573530014B319 /* CoreGraphics.framework in Frameworks */,
				9226EE9E191573530014B319 /* UIKit.framework in Frameworks */,
				9226EE9A191573530014B319 /* Foundation.framework in Frameworks */,
				7EDDE6976D904ED2B1399CB5 /* libPods.a in Frameworks */,
				92FD32FC19357E6A0016B32D /* Crashlytics.framework in Frameworks */,
			);
			runOnlyForDeploymentPostprocessing = 0;
		};
		9226EEB7191573530014B319 /* Frameworks */ = {
			isa = PBXFrameworksBuildPhase;
			buildActionMask = 2147483647;
			files = (
				9226EEBC191573530014B319 /* XCTest.framework in Frameworks */,
				9226EEBE191573530014B319 /* UIKit.framework in Frameworks */,
				9226EEBD191573530014B319 /* Foundation.framework in Frameworks */,
			);
			runOnlyForDeploymentPostprocessing = 0;
		};
/* End PBXFrameworksBuildPhase section */

/* Begin PBXGroup section */
		9217A59C19245214005E3A36 /* CarpoolCloudCode */ = {
			isa = PBXGroup;
			children = (
				9217A59D19245214005E3A36 /* cloud */,
				9217A59F19245214005E3A36 /* config */,
				9217A5A119245214005E3A36 /* public */,
			);
			path = CarpoolCloudCode;
			sourceTree = "<group>";
		};
		9217A59D19245214005E3A36 /* cloud */ = {
			isa = PBXGroup;
			children = (
				9217A59E19245214005E3A36 /* main.js */,
			);
			path = cloud;
			sourceTree = "<group>";
		};
		9217A59F19245214005E3A36 /* config */ = {
			isa = PBXGroup;
			children = (
				9217A5A019245214005E3A36 /* global.json */,
			);
			path = config;
			sourceTree = "<group>";
		};
		9217A5A119245214005E3A36 /* public */ = {
			isa = PBXGroup;
			children = (
				9217A5A219245214005E3A36 /* index.html */,
			);
			path = public;
			sourceTree = "<group>";
		};
		9217A5A619245AB9005E3A36 /* Inbox */ = {
			isa = PBXGroup;
			children = (
				9217A5A719245AD9005E3A36 /* InboxViewController.h */,
				9217A5A819245AD9005E3A36 /* InboxViewController.m */,
				920917EF19270C63009701FA /* InboxCell.h */,
				920917F019270C63009701FA /* InboxCell.m */,
			);
			path = Inbox;
			sourceTree = "<group>";
		};
		9226EE8D191573530014B319 = {
			isa = PBXGroup;
			children = (
				9217A59C19245214005E3A36 /* CarpoolCloudCode */,
				9226EE9F191573530014B319 /* CarPool */,
				9226EEC1191573530014B319 /* CarPoolTests */,
				9226EE98191573530014B319 /* Frameworks */,
				9226EE97191573530014B319 /* Products */,
				715CC3CC364D4C49AB5B958E /* Pods.xcconfig */,
			);
			sourceTree = "<group>";
		};
		9226EE97191573530014B319 /* Products */ = {
			isa = PBXGroup;
			children = (
				9226EE96191573530014B319 /* Carpool.app */,
				9226EEBA191573530014B319 /* CarPoolTests.xctest */,
			);
			name = Products;
			sourceTree = "<group>";
		};
		9226EE98191573530014B319 /* Frameworks */ = {
			isa = PBXGroup;
			children = (
				92FD32FB19357E6A0016B32D /* Crashlytics.framework */,
				92B568DE19172F5700CEF58F /* MapKit.framework */,
				9226EEED1915B8E70014B319 /* CoreLocation.framework */,
				9226EE99191573530014B319 /* Foundation.framework */,
				9226EE9B191573530014B319 /* CoreGraphics.framework */,
				9226EE9D191573530014B319 /* UIKit.framework */,
				9226EEBB191573530014B319 /* XCTest.framework */,
				2B9C8540FCBD4CDAAF57AC3E /* libPods.a */,
			);
			name = Frameworks;
			sourceTree = "<group>";
		};
		9226EE9F191573530014B319 /* CarPool */ = {
			isa = PBXGroup;
			children = (
				9226EF341917041C0014B319 /* Images */,
				923E950919325D9E008411AA /* Views */,
				9226EED619157A6F0014B319 /* Categories */,
				928266C8191E9B6B001AD534 /* Subclasses */,
				9226EF10191694EC0014B319 /* Clients */,
				9226EEEF1915CBC10014B319 /* Models */,
				9226EEE91915B8190014B319 /* Managers */,
				9226EED11915788D0014B319 /* Pages */,
				9226EEA8191573530014B319 /* AppDelegate.h */,
				9226EEA9191573530014B319 /* AppDelegate.m */,
				9226EEAB191573530014B319 /* Main_iPhone.storyboard */,
				9226EEAE191573530014B319 /* Main_iPad.storyboard */,
				9226EEB4191573530014B319 /* Images.xcassets */,
				9226EEA0191573530014B319 /* Supporting Files */,
			);
			path = CarPool;
			sourceTree = "<group>";
		};
		9226EEA0191573530014B319 /* Supporting Files */ = {
			isa = PBXGroup;
			children = (
				9226EEA1191573530014B319 /* CarPool-Info.plist */,
				9226EEA2191573530014B319 /* InfoPlist.strings */,
				9226EEA5191573530014B319 /* main.m */,
				9226EEA7191573530014B319 /* CarPool-Prefix.pch */,
				9298BF41194CADD900157E42 /* Constants.h */,
			);
			name = "Supporting Files";
			sourceTree = "<group>";
		};
		9226EEC1191573530014B319 /* CarPoolTests */ = {
			isa = PBXGroup;
			children = (
				9226EEC7191573530014B319 /* CarPoolTests.m */,
				9226EEC2191573530014B319 /* Supporting Files */,
			);
			path = CarPoolTests;
			sourceTree = "<group>";
		};
		9226EEC2191573530014B319 /* Supporting Files */ = {
			isa = PBXGroup;
			children = (
				9226EEC3191573530014B319 /* CarPoolTests-Info.plist */,
				9226EEC4191573530014B319 /* InfoPlist.strings */,
			);
			name = "Supporting Files";
			sourceTree = "<group>";
		};
		9226EED11915788D0014B319 /* Pages */ = {
			isa = PBXGroup;
			children = (
				926EF4EE19533621001BEC5B /* Calendar */,
				9298BF58194E95F000157E42 /* OfferDetail */,
				9255122C193B8E9400132526 /* StepsViewController */,
				92677F6F1933A36B008046DE /* RequestDetail */,
				92677F6B19339FED008046DE /* PersonalMessages */,
				923E15E21929A84400AD1B5A /* Profile */,
				923E15D21929215200AD1B5A /* MyActivities */,
				9217A5A619245AB9005E3A36 /* Inbox */,
				928266CF191EFDF4001AD534 /* CreateCarPoolRequest */,
				9226EF2B1916E3070014B319 /* LocationSearch */,
				9226EF271916DA0E0014B319 /* SignUp */,
				9226EF1719169CDC0014B319 /* Base */,
				9226EF021915DCD30014B319 /* Settings */,
				9226EEE51915B7680014B319 /* CreateCarPoolOffer */,
				9226EEDE19157D100014B319 /* Login */,
				9226EEDA19157BDA0014B319 /* Home */,
				9226EED21915788D0014B319 /* Menu */,
			);
			path = Pages;
			sourceTree = "<group>";
		};
		9226EED21915788D0014B319 /* Menu */ = {
			isa = PBXGroup;
			children = (
				9226EED31915789F0014B319 /* MenuViewController.h */,
				9226EED41915789F0014B319 /* MenuViewController.m */,
			);
			path = Menu;
			sourceTree = "<group>";
		};
		9226EED619157A6F0014B319 /* Categories */ = {
			isa = PBXGroup;
			children = (
				925511D4193AB50400132526 /* NSDate+TimeAgo */,
				9226EED719157A870014B319 /* UIViewController+Additions.h */,
				9226EED819157A870014B319 /* UIViewController+Additions.m */,
				9226EF1B19169F810014B319 /* UITableView+Additions.h */,
				9226EF1C19169F810014B319 /* UITableView+Additions.m */,
				927ABFBA191A19F000CC3A2B /* UIView+Additions.h */,
				927ABFBB191A19F000CC3A2B /* UIView+Additions.m */,
				920917F61927ADA3009701FA /* UIImageView+Additions.h */,
				920917F71927ADA3009701FA /* UIImageView+Additions.m */,
				920917F91927B187009701FA /* MKMapView+Additions.h */,
				920917FA1927B187009701FA /* MKMapView+Additions.m */,
				920917FC1927B89F009701FA /* UIColor+Additions.h */,
				920917FD1927B89F009701FA /* UIColor+Additions.m */,
				92ED7AC11944DC960095F77E /* NSDate+Additions.h */,
				92ED7AC21944DC960095F77E /* NSDate+Additions.m */,
				9277BA5719577A6A009C01FF /* NSArray+Additions.h */,
				9277BA5819577A6A009C01FF /* NSArray+Additions.m */,
			);
			path = Categories;
			sourceTree = "<group>";
		};
		9226EEDA19157BDA0014B319 /* Home */ = {
			isa = PBXGroup;
			children = (
				923E94EB1930F887008411AA /* Search Filter */,
				9226EEDB19157BEA0014B319 /* HomeViewController.h */,
				9226EEDC19157BEA0014B319 /* HomeViewController.m */,
				927ABFC2191DC14B00CC3A2B /* HomeOfferDetailViewController.h */,
				927ABFC3191DC14B00CC3A2B /* HomeOfferDetailViewController.m */,
			);
			path = Home;
			sourceTree = "<group>";
		};
		9226EEDE19157D100014B319 /* Login */ = {
			isa = PBXGroup;
			children = (
				9226EEDF19157D1A0014B319 /* LoginViewController.h */,
				9226EEE019157D1A0014B319 /* LoginViewController.m */,
			);
			path = Login;
			sourceTree = "<group>";
		};
		9226EEE51915B7680014B319 /* CreateCarPoolOffer */ = {
			isa = PBXGroup;
			children = (
				92551243193BBE9300132526 /* Message */,
				9255123F193BB95800132526 /* LocationPicker */,
				9255123B193BA60F00132526 /* DateTimePicker */,
				92551234193B9A5E00132526 /* PeriodPickerViewController */,
				92551238193B9C6F00132526 /* CreateOfferStepsViewController.h */,
				92551239193B9C6F00132526 /* CreateOfferStepsViewController.m */,
			);
			path = CreateCarPoolOffer;
			sourceTree = "<group>";
		};
		9226EEE91915B8190014B319 /* Managers */ = {
			isa = PBXGroup;
			children = (
				9226EEEA1915B82B0014B319 /* LocationManager.h */,
				9226EEEB1915B82B0014B319 /* LocationManager.m */,
				9217A59919231724005E3A36 /* PushNotificationManager.h */,
				9217A59A19231724005E3A36 /* PushNotificationManager.m */,
				923E95031931BA02008411AA /* ApplicationVersionManager.h */,
				923E95041931BA02008411AA /* ApplicationVersionManager.m */,
				925511CE193A503600132526 /* GoogleAnalyticsManager.h */,
				925511CF193A503600132526 /* GoogleAnalyticsManager.m */,
			);
			path = Managers;
			sourceTree = "<group>";
		};
		9226EEEF1915CBC10014B319 /* Models */ = {
			isa = PBXGroup;
			children = (
				9226EEF01915CBE90014B319 /* CarPoolOffer.h */,
				9226EEF11915CBE90014B319 /* CarPoolOffer.m */,
				9226EF211916A4370014B319 /* CarPoolRequest.h */,
				9226EF221916A4370014B319 /* CarPoolRequest.m */,
				92B568D81917147700CEF58F /* Location.h */,
				92B568D91917147700CEF58F /* Location.m */,
				92881403191DD6BF00726DD8 /* User.h */,
				92881404191DD6BF00726DD8 /* User.m */,
				9217A59619231698005E3A36 /* Installation.h */,
				9217A59719231698005E3A36 /* Installation.m */,
				9217A5AA1924681E005E3A36 /* Comment.h */,
				9217A5AB1924681E005E3A36 /* Comment.m */,
				923E15DC1929A54800AD1B5A /* Profile.h */,
				923E15DD1929A54800AD1B5A /* Profile.m */,
				923E15DF1929A67400AD1B5A /* Reference.h */,
				923E15E01929A67400AD1B5A /* Reference.m */,
				923E95001931B96E008411AA /* ApplicationVersion.h */,
				923E95011931B96E008411AA /* ApplicationVersion.m */,
				925FB62D193453F500814B5A /* NotificationSetting.h */,
				925FB62E193453F500814B5A /* NotificationSetting.m */,
				925FB63019345B9600814B5A /* UserNotificationSetting.h */,
				925FB63119345B9600814B5A /* UserNotificationSetting.m */,
			);
			path = Models;
			sourceTree = "<group>";
		};
		9226EF021915DCD30014B319 /* Settings */ = {
			isa = PBXGroup;
			children = (
				925FB6291934529E00814B5A /* PushNotificationSetting */,
				9226EF061915DCEB0014B319 /* SettingsViewController.h */,
				9226EF071915DCEB0014B319 /* SettingsViewController.m */,
			);
			path = Settings;
			sourceTree = "<group>";
		};
		9226EF10191694EC0014B319 /* Clients */ = {
			isa = PBXGroup;
			children = (
				9226EF11191694FC0014B319 /* CarPoolOfferClient.h */,
				9226EF12191694FC0014B319 /* CarPoolOfferClient.m */,
				9226EF1E1916A4190014B319 /* CarPoolRequestClient.h */,
				9226EF1F1916A4190014B319 /* CarPoolRequestClient.m */,
				920918021927EDEA009701FA /* CommentClient.h */,
				920918031927EDEA009701FA /* CommentClient.m */,
				928266CC191EABF6001AD534 /* LocationSearchClient.h */,
				928266CD191EABF6001AD534 /* LocationSearchClient.m */,
				9226EF14191695120014B319 /* AuthenticationClient.h */,
				9226EF15191695120014B319 /* AuthenticationClient.m */,
				923E94F619316769008411AA /* ReferenceClient.h */,
				923E94F719316769008411AA /* ReferenceClient.m */,
				923E95061931BA16008411AA /* ApplicationVersionClient.h */,
				923E95071931BA16008411AA /* ApplicationVersionClient.m */,
				925FB633193460FE00814B5A /* UserNotificationSettingClient.h */,
				925FB634193460FE00814B5A /* UserNotificationSettingClient.m */,
				9298BF50194D301B00157E42 /* UserClient.h */,
				9298BF51194D301B00157E42 /* UserClient.m */,
			);
			path = Clients;
			sourceTree = "<group>";
		};
		9226EF1719169CDC0014B319 /* Base */ = {
			isa = PBXGroup;
			children = (
				9226EF1819169CF00014B319 /* BaseViewController.h */,
				9226EF1919169CF00014B319 /* BaseViewController.m */,
			);
			path = Base;
			sourceTree = "<group>";
		};
		9226EF271916DA0E0014B319 /* SignUp */ = {
			isa = PBXGroup;
			children = (
				9226EF281916DAA80014B319 /* SignUpViewController.h */,
				9226EF291916DAA80014B319 /* SignUpViewController.m */,
			);
			path = SignUp;
			sourceTree = "<group>";
		};
		9226EF2B1916E3070014B319 /* LocationSearch */ = {
			isa = PBXGroup;
			children = (
				9226EF2C1916E31F0014B319 /* LocationSearchViewController.h */,
				9226EF2D1916E31F0014B319 /* LocationSearchViewController.m */,
			);
			path = LocationSearch;
			sourceTree = "<group>";
		};
		9226EF341917041C0014B319 /* Images */ = {
			isa = PBXGroup;
			children = (
				9298BF44194CAE0300157E42 /* userPlaceholder.png */,
				92551247193BD1F000132526 /* next.png */,
				92551248193BD1F000132526 /* previous.png */,
				9255117C1939748E00132526 /* reference.png */,
				923E94E91930F6D3008411AA /* filter.png */,
				928266C6191E9195001AD534 /* map.png */,
				928266C2191E904F001AD534 /* currntLocation.png */,
				927ABFB8191A170300CC3A2B /* closeButton.png */,
				92B568D219170E2900CEF58F /* endPoint.png */,
				92B568D319170E2900CEF58F /* calendar.png */,
				92B568D419170E2900CEF58F /* startPoint.png */,
				9226EF37191707F10014B319 /* poweredByGoogle.png */,
			);
			path = Images;
			sourceTree = "<group>";
		};
		923E15D21929215200AD1B5A /* MyActivities */ = {
			isa = PBXGroup;
			children = (
				923E15D31929215200AD1B5A /* MyOfferCell.h */,
				923E15D41929215200AD1B5A /* MyOfferCell.m */,
				923E15D919292F7700AD1B5A /* MyRequestCell.h */,
				923E15DA19292F7700AD1B5A /* MyRequestCell.m */,
				923E15D51929215200AD1B5A /* MyActivitiesViewController.h */,
				923E15D61929215200AD1B5A /* MyActivitiesViewController.m */,
				92FD32FD1936CA0C0016B32D /* MyOffersViewContorller.h */,
				92FD32FE1936CA0C0016B32D /* MyOffersViewContorller.m */,
				92FD33001936CB310016B32D /* MyRequestsViewController.h */,
				92FD33011936CB310016B32D /* MyRequestsViewController.m */,
			);
			path = MyActivities;
			sourceTree = "<group>";
		};
		923E15E21929A84400AD1B5A /* Profile */ = {
			isa = PBXGroup;
			children = (
				923E94F9193198AC008411AA /* References */,
				923E94F2193165AC008411AA /* CreateReference */,
				923E15E31929A85000AD1B5A /* ProfileViewController.h */,
				923E15E41929A85000AD1B5A /* ProfileViewController.m */,
				9298BF46194CB13600157E42 /* ProfileEditableHeader.h */,
				9298BF47194CB13600157E42 /* ProfileEditableHeader.m */,
				9298BF49194CB14D00157E42 /* ProfileEditableHeader.xib */,
				9298BF4B194CC23E00157E42 /* ProfileEditableCell.h */,
				9298BF4C194CC23E00157E42 /* ProfileEditableCell.m */,
				9298BF4E194CC4A300157E42 /* ProfileEditableCell.xib */,
			);
			path = Profile;
			sourceTree = "<group>";
		};
		923E94EB1930F887008411AA /* Search Filter */ = {
			isa = PBXGroup;
			children = (
				923E94EC1930F894008411AA /* SearchFilterViewController.h */,
				923E94ED1930F894008411AA /* SearchFilterViewController.m */,
				923E94EF1931178B008411AA /* SearchFilter.h */,
				923E94F01931178B008411AA /* SearchFilter.m */,
			);
			path = "Search Filter";
			sourceTree = "<group>";
		};
		923E94F2193165AC008411AA /* CreateReference */ = {
			isa = PBXGroup;
			children = (
				923E94F3193165BF008411AA /* CreateReferenceViewController.h */,
				923E94F4193165BF008411AA /* CreateReferenceViewController.m */,
			);
			path = CreateReference;
			sourceTree = "<group>";
		};
		923E94F9193198AC008411AA /* References */ = {
			isa = PBXGroup;
			children = (
				923E94FA193198E0008411AA /* ReferencesViewController.h */,
				923E94FB193198E0008411AA /* ReferencesViewController.m */,
				923E94FD19319D6A008411AA /* ReferenceCell.h */,
				923E94FE19319D6A008411AA /* ReferenceCell.m */,
				925FB6261933E1FC00814B5A /* ReferenceViewController.h */,
				925FB6271933E1FC00814B5A /* ReferenceViewController.m */,
			);
			path = References;
			sourceTree = "<group>";
		};
		923E950919325D9E008411AA /* Views */ = {
			isa = PBXGroup;
			children = (
				923E950A19325DB5008411AA /* MessageComposerView.h */,
				923E950B19325DB5008411AA /* MessageComposerView.m */,
				923E950D19325DC6008411AA /* MessageComposerView.xib */,
				925511C9193A361500132526 /* AutoResizingTextView.h */,
				925511CA193A361500132526 /* AutoResizingTextView.m */,
				9298BF53194D463E00157E42 /* NoContentView.h */,
				9298BF54194D463E00157E42 /* NoContentView.m */,
				9298BF56194D467400157E42 /* NoContentView.xib */,
			);
			path = Views;
			sourceTree = "<group>";
		};
		925511D4193AB50400132526 /* NSDate+TimeAgo */ = {
			isa = PBXGroup;
			children = (
				925511D5193AB50400132526 /* LICENSE */,
				925511D6193AB50400132526 /* NSDate+TimeAgo.h */,
				925511D7193AB50400132526 /* NSDate+TimeAgo.m */,
				925511D8193AB50400132526 /* NSDateTimeAgo.bundle */,
				925511D9193AB50400132526 /* README.md */,
			);
			path = "NSDate+TimeAgo";
			sourceTree = "<group>";
		};
		9255122C193B8E9400132526 /* StepsViewController */ = {
			isa = PBXGroup;
			children = (
				9255122D193B8EAF00132526 /* StepsViewController.h */,
				9255122E193B8EAF00132526 /* StepsViewController.m */,
			);
			path = StepsViewController;
			sourceTree = "<group>";
		};
		92551234193B9A5E00132526 /* PeriodPickerViewController */ = {
			isa = PBXGroup;
			children = (
				92551235193B9A7100132526 /* PeriodPickerViewController.h */,
				92551236193B9A7100132526 /* PeriodPickerViewController.m */,
			);
			path = PeriodPickerViewController;
			sourceTree = "<group>";
		};
		9255123B193BA60F00132526 /* DateTimePicker */ = {
			isa = PBXGroup;
			children = (
				9255123C193BA61B00132526 /* DateTimePickerViewController.h */,
				9255123D193BA61B00132526 /* DateTimePickerViewController.m */,
			);
			path = DateTimePicker;
			sourceTree = "<group>";
		};
		9255123F193BB95800132526 /* LocationPicker */ = {
			isa = PBXGroup;
			children = (
				92551240193BB96800132526 /* LocationPickerViewController.h */,
				92551241193BB96800132526 /* LocationPickerViewController.m */,
			);
			path = LocationPicker;
			sourceTree = "<group>";
		};
		92551243193BBE9300132526 /* Message */ = {
			isa = PBXGroup;
			children = (
				92551244193BBEC400132526 /* MessagePickerViewController.h */,
				92551245193BBEC400132526 /* MessagePickerViewController.m */,
			);
			path = Message;
			sourceTree = "<group>";
		};
		925FB6291934529E00814B5A /* PushNotificationSetting */ = {
			isa = PBXGroup;
			children = (
				925FB62A193452B800814B5A /* PushNotificationSettingViewController.h */,
				925FB62B193452B800814B5A /* PushNotificationSettingViewController.m */,
				925FB63619346D9E00814B5A /* UserNotificationSettingCell.h */,
				925FB63719346D9E00814B5A /* UserNotificationSettingCell.m */,
			);
			path = PushNotificationSetting;
			sourceTree = "<group>";
		};
		92677F6B19339FED008046DE /* PersonalMessages */ = {
			isa = PBXGroup;
			children = (
				92677F6C1933A002008046DE /* PersonalMessagesViewController.h */,
				92677F6D1933A002008046DE /* PersonalMessagesViewController.m */,
			);
			path = PersonalMessages;
			sourceTree = "<group>";
		};
		92677F6F1933A36B008046DE /* RequestDetail */ = {
			isa = PBXGroup;
			children = (
				92677F701933A36B008046DE /* CommentCell.h */,
				92677F711933A36B008046DE /* CommentCell.m */,
				92677F721933A36B008046DE /* RequestDetailViewController.h */,
				92677F731933A36B008046DE /* RequestDetailViewController.m */,
			);
			path = RequestDetail;
			sourceTree = "<group>";
		};
		926EF4EE19533621001BEC5B /* Calendar */ = {
			isa = PBXGroup;
			children = (
				926EF4EF19533633001BEC5B /* CalendarViewController.h */,
				926EF4F019533633001BEC5B /* CalendarViewController.m */,
				9277BA4E19568C90009C01FF /* CalendarCell.h */,
				9277BA4F19568C90009C01FF /* CalendarCell.m */,
				9277BA511957403D009C01FF /* CalendarHeader.h */,
				9277BA521957403D009C01FF /* CalendarHeader.m */,
			);
			path = Calendar;
			sourceTree = "<group>";
		};
		928266C8191E9B6B001AD534 /* Subclasses */ = {
			isa = PBXGroup;
			children = (
				928266C9191E9B9C001AD534 /* PinEnabledMapView.h */,
				928266CA191E9B9C001AD534 /* PinEnabledMapView.m */,
				92677F681932975F008046DE /* InsetEnabledLabel.h */,
				92677F691932975F008046DE /* InsetEnabledLabel.m */,
			);
			path = Subclasses;
			sourceTree = "<group>";
		};
		928266CF191EFDF4001AD534 /* CreateCarPoolRequest */ = {
			isa = PBXGroup;
			children = (
				9298BF37194B6E0C00157E42 /* CreateRequestStepsViewController.h */,
				9298BF38194B6E0C00157E42 /* CreateRequestStepsViewController.m */,
				9298BF3A194BBE7500157E42 /* dsadsaViewController.h */,
				9298BF3B194BBE7500157E42 /* dsadsaViewController.m */,
			);
			path = CreateCarPoolRequest;
			sourceTree = "<group>";
		};
		9298BF58194E95F000157E42 /* OfferDetail */ = {
			isa = PBXGroup;
			children = (
				9298BF59194E960500157E42 /* OfferDetailViewController.h */,
				9298BF5A194E960500157E42 /* OfferDetailViewController.m */,
			);
			path = OfferDetail;
			sourceTree = "<group>";
		};
/* End PBXGroup section */

/* Begin PBXNativeTarget section */
		9226EE95191573530014B319 /* Carpool */ = {
			isa = PBXNativeTarget;
			buildConfigurationList = 9226EECB191573530014B319 /* Build configuration list for PBXNativeTarget "Carpool" */;
			buildPhases = (
				45E5072A4AEB411EAC248583 /* Check Pods Manifest.lock */,
				9226EE92191573530014B319 /* Sources */,
				9226EE93191573530014B319 /* Frameworks */,
				9226EE94191573530014B319 /* Resources */,
				A7BA388A58D44BEE9C80E5BA /* Copy Pods Resources */,
				92FD32F919357DDA0016B32D /* ShellScript */,
			);
			buildRules = (
			);
			dependencies = (
			);
			name = Carpool;
			productName = CarPool;
			productReference = 9226EE96191573530014B319 /* Carpool.app */;
			productType = "com.apple.product-type.application";
		};
		9226EEB9191573530014B319 /* CarPoolTests */ = {
			isa = PBXNativeTarget;
			buildConfigurationList = 9226EECE191573530014B319 /* Build configuration list for PBXNativeTarget "CarPoolTests" */;
			buildPhases = (
				9226EEB6191573530014B319 /* Sources */,
				9226EEB7191573530014B319 /* Frameworks */,
				9226EEB8191573530014B319 /* Resources */,
				92FD32FA19357E320016B32D /* ShellScript */,
			);
			buildRules = (
			);
			dependencies = (
				9226EEC0191573530014B319 /* PBXTargetDependency */,
			);
			name = CarPoolTests;
			productName = CarPoolTests;
			productReference = 9226EEBA191573530014B319 /* CarPoolTests.xctest */;
			productType = "com.apple.product-type.bundle.unit-test";
		};
/* End PBXNativeTarget section */

/* Begin PBXProject section */
		9226EE8E191573530014B319 /* Project object */ = {
			isa = PBXProject;
			attributes = {
				LastUpgradeCheck = 0510;
				ORGANIZATIONNAME = aryaxt;
				TargetAttributes = {
					9226EEB9191573530014B319 = {
						TestTargetID = 9226EE95191573530014B319;
					};
				};
			};
			buildConfigurationList = 9226EE91191573530014B319 /* Build configuration list for PBXProject "CarPool" */;
			compatibilityVersion = "Xcode 3.2";
			developmentRegion = English;
			hasScannedForEncodings = 0;
			knownRegions = (
				en,
				Base,
			);
			mainGroup = 9226EE8D191573530014B319;
			productRefGroup = 9226EE97191573530014B319 /* Products */;
			projectDirPath = "";
			projectRoot = "";
			targets = (
				9226EE95191573530014B319 /* Carpool */,
				9226EEB9191573530014B319 /* CarPoolTests */,
			);
		};
/* End PBXProject section */

/* Begin PBXResourcesBuildPhase section */
		9226EE94191573530014B319 /* Resources */ = {
			isa = PBXResourcesBuildPhase;
			buildActionMask = 2147483647;
			files = (
				928266C7191E9195001AD534 /* map.png in Resources */,
				92B568D519170E2900CEF58F /* endPoint.png in Resources */,
				9226EEB0191573530014B319 /* Main_iPad.storyboard in Resources */,
				9226EEB5191573530014B319 /* Images.xcassets in Resources */,
				9217A5A419245214005E3A36 /* global.json in Resources */,
				928266C4191E904F001AD534 /* currntLocation.png in Resources */,
				9298BF57194D467400157E42 /* NoContentView.xib in Resources */,
				9298BF45194CAE0300157E42 /* userPlaceholder.png in Resources */,
				92551249193BD1F000132526 /* next.png in Resources */,
				9217A5A519245214005E3A36 /* index.html in Resources */,
				92B568D619170E2900CEF58F /* calendar.png in Resources */,
				925511DA193AB50400132526 /* LICENSE in Resources */,
				9255124A193BD1F000132526 /* previous.png in Resources */,
				9298BF4A194CB14D00157E42 /* ProfileEditableHeader.xib in Resources */,
				92B568D719170E2900CEF58F /* startPoint.png in Resources */,
				923E950E19325DC6008411AA /* MessageComposerView.xib in Resources */,
				923E94EA1930F6D3008411AA /* filter.png in Resources */,
				9226EEAD191573530014B319 /* Main_iPhone.storyboard in Resources */,
				925511DD193AB50400132526 /* README.md in Resources */,
				9226EEA4191573530014B319 /* InfoPlist.strings in Resources */,
				9298BF4F194CC4A300157E42 /* ProfileEditableCell.xib in Resources */,
				927ABFB9191A170300CC3A2B /* closeButton.png in Resources */,
				925511DC193AB50400132526 /* NSDateTimeAgo.bundle in Resources */,
				9226EF38191707F10014B319 /* poweredByGoogle.png in Resources */,
				9255117D1939748E00132526 /* reference.png in Resources */,
			);
			runOnlyForDeploymentPostprocessing = 0;
		};
		9226EEB8191573530014B319 /* Resources */ = {
			isa = PBXResourcesBuildPhase;
			buildActionMask = 2147483647;
			files = (
				9226EEC6191573530014B319 /* InfoPlist.strings in Resources */,
			);
			runOnlyForDeploymentPostprocessing = 0;
		};
/* End PBXResourcesBuildPhase section */

/* Begin PBXShellScriptBuildPhase section */
		45E5072A4AEB411EAC248583 /* Check Pods Manifest.lock */ = {
			isa = PBXShellScriptBuildPhase;
			buildActionMask = 2147483647;
			files = (
			);
			inputPaths = (
			);
			name = "Check Pods Manifest.lock";
			outputPaths = (
			);
			runOnlyForDeploymentPostprocessing = 0;
			shellPath = /bin/sh;
			shellScript = "diff \"${PODS_ROOT}/../Podfile.lock\" \"${PODS_ROOT}/Manifest.lock\" > /dev/null\nif [[ $? != 0 ]] ; then\n    cat << EOM\nerror: The sandbox is not in sync with the Podfile.lock. Run 'pod install' or update your CocoaPods installation.\nEOM\n    exit 1\nfi\n";
			showEnvVarsInLog = 0;
		};
		92FD32F919357DDA0016B32D /* ShellScript */ = {
			isa = PBXShellScriptBuildPhase;
			buildActionMask = 2147483647;
			files = (
			);
			inputPaths = (
			);
			outputPaths = (
			);
			runOnlyForDeploymentPostprocessing = 0;
			shellPath = /bin/sh;
			shellScript = "";
		};
		92FD32FA19357E320016B32D /* ShellScript */ = {
			isa = PBXShellScriptBuildPhase;
			buildActionMask = 2147483647;
			files = (
			);
			inputPaths = (
			);
			outputPaths = (
			);
			runOnlyForDeploymentPostprocessing = 0;
			shellPath = /bin/sh;
			shellScript = "";
		};
		A7BA388A58D44BEE9C80E5BA /* Copy Pods Resources */ = {
			isa = PBXShellScriptBuildPhase;
			buildActionMask = 2147483647;
			files = (
			);
			inputPaths = (
			);
			name = "Copy Pods Resources";
			outputPaths = (
			);
			runOnlyForDeploymentPostprocessing = 0;
			shellPath = /bin/sh;
			shellScript = "./Crashlytics.framework/run e3c3cb40b7bc9d46e5fdbd97db29a7cc0e9c9db3 14bb53d3338214c93bc5b2e9339fb0b46f9f93e3360cc731833fc922ad73323e";
			showEnvVarsInLog = 0;
		};
/* End PBXShellScriptBuildPhase section */

/* Begin PBXSourcesBuildPhase section */
		9226EE92191573530014B319 /* Sources */ = {
			isa = PBXSourcesBuildPhase;
			buildActionMask = 2147483647;
			files = (
				9226EF16191695120014B319 /* AuthenticationClient.m in Sources */,
				925FB63819346D9E00814B5A /* UserNotificationSettingCell.m in Sources */,
				927ABFC4191DC14B00CC3A2B /* HomeOfferDetailViewController.m in Sources */,
				92FD32FF1936CA0C0016B32D /* MyOffersViewContorller.m in Sources */,
				9226EEAA191573530014B319 /* AppDelegate.m in Sources */,
				9226EED51915789F0014B319 /* MenuViewController.m in Sources */,
				928266CE191EABF7001AD534 /* LocationSearchClient.m in Sources */,
				923E95021931B96E008411AA /* ApplicationVersion.m in Sources */,
				9298BF3C194BBE7500157E42 /* dsadsaViewController.m in Sources */,
				9217A59B19231724005E3A36 /* PushNotificationManager.m in Sources */,
				923E94FF19319D6A008411AA /* ReferenceCell.m in Sources */,
				92551246193BBEC400132526 /* MessagePickerViewController.m in Sources */,
				9298BF4D194CC23E00157E42 /* ProfileEditableCell.m in Sources */,
				9255123A193B9C6F00132526 /* CreateOfferStepsViewController.m in Sources */,
				9255122F193B8EAF00132526 /* StepsViewController.m in Sources */,
				9217A5AC1924681E005E3A36 /* Comment.m in Sources */,
				925FB62F193453F500814B5A /* NotificationSetting.m in Sources */,
				92551242193BB96800132526 /* LocationPickerViewController.m in Sources */,
				923E15E11929A67400AD1B5A /* Reference.m in Sources */,
				9277BA5019568C90009C01FF /* CalendarCell.m in Sources */,
				923E15D71929215200AD1B5A /* MyOfferCell.m in Sources */,
				920917F81927ADA3009701FA /* UIImageView+Additions.m in Sources */,
				9298BF48194CB13600157E42 /* ProfileEditableHeader.m in Sources */,
				9226EF1D19169F810014B319 /* UITableView+Additions.m in Sources */,
				9226EF231916A4370014B319 /* CarPoolRequest.m in Sources */,
				920917FB1927B187009701FA /* MKMapView+Additions.m in Sources */,
				92881405191DD6BF00726DD8 /* User.m in Sources */,
				9226EEEC1915B82B0014B319 /* LocationManager.m in Sources */,
				925511CB193A361500132526 /* AutoResizingTextView.m in Sources */,
				92B568DA1917147700CEF58F /* Location.m in Sources */,
				92FD33021936CB310016B32D /* MyRequestsViewController.m in Sources */,
				92677F6A1932975F008046DE /* InsetEnabledLabel.m in Sources */,
				923E15E51929A85000AD1B5A /* ProfileViewController.m in Sources */,
				92677F6E1933A002008046DE /* PersonalMessagesViewController.m in Sources */,
				923E94F819316769008411AA /* ReferenceClient.m in Sources */,
				923E94F11931178B008411AA /* SearchFilter.m in Sources */,
				9298BF55194D463E00157E42 /* NoContentView.m in Sources */,
				9226EF1A19169CF00014B319 /* BaseViewController.m in Sources */,
				923E94FC193198E0008411AA /* ReferencesViewController.m in Sources */,
				925FB63219345B9600814B5A /* UserNotificationSetting.m in Sources */,
				926EF4F119533633001BEC5B /* CalendarViewController.m in Sources */,
				923E95051931BA02008411AA /* ApplicationVersionManager.m in Sources */,
				9217A5A319245214005E3A36 /* main.js in Sources */,
				925FB6281933E1FC00814B5A /* ReferenceViewController.m in Sources */,
				9226EF2E1916E31F0014B319 /* LocationSearchViewController.m in Sources */,
				923E15DE1929A54800AD1B5A /* Profile.m in Sources */,
				923E94EE1930F894008411AA /* SearchFilterViewController.m in Sources */,
				9226EEF21915CBE90014B319 /* CarPoolOffer.m in Sources */,
				92677F751933A36B008046DE /* RequestDetailViewController.m in Sources */,
				92677F741933A36B008046DE /* CommentCell.m in Sources */,
				923E950C19325DB5008411AA /* MessageComposerView.m in Sources */,
				9226EEE119157D1A0014B319 /* LoginViewController.m in Sources */,
				925FB635193460FE00814B5A /* UserNotificationSettingClient.m in Sources */,
				920917FE1927B89F009701FA /* UIColor+Additions.m in Sources */,
				9226EED919157A870014B319 /* UIViewController+Additions.m in Sources */,
				9226EF201916A4190014B319 /* CarPoolRequestClient.m in Sources */,
				9226EF13191694FC0014B319 /* CarPoolOfferClient.m in Sources */,
				928266CB191E9B9C001AD534 /* PinEnabledMapView.m in Sources */,
				925FB62C193452B800814B5A /* PushNotificationSettingViewController.m in Sources */,
				92551237193B9A7100132526 /* PeriodPickerViewController.m in Sources */,
				9298BF52194D301B00157E42 /* UserClient.m in Sources */,
				927ABFBC191A19F000CC3A2B /* UIView+Additions.m in Sources */,
				9217A5A919245AD9005E3A36 /* InboxViewController.m in Sources */,
				9226EEDD19157BEA0014B319 /* HomeViewController.m in Sources */,
				9277BA5919577A6A009C01FF /* NSArray+Additions.m in Sources */,
				925511DB193AB50400132526 /* NSDate+TimeAgo.m in Sources */,
				923E95081931BA16008411AA /* ApplicationVersionClient.m in Sources */,
				925511D0193A503600132526 /* GoogleAnalyticsManager.m in Sources */,
				923E15DB19292F7700AD1B5A /* MyRequestCell.m in Sources */,
				9298BF5B194E960500157E42 /* OfferDetailViewController.m in Sources */,
				920918041927EDEA009701FA /* CommentClient.m in Sources */,
				9255123E193BA61B00132526 /* DateTimePickerViewController.m in Sources */,
				9226EEA6191573530014B319 /* main.m in Sources */,
				9277BA531957403D009C01FF /* CalendarHeader.m in Sources */,
				9217A59819231698005E3A36 /* Installation.m in Sources */,
				92ED7AC31944DC960095F77E /* NSDate+Additions.m in Sources */,
				9298BF39194B6E0C00157E42 /* CreateRequestStepsViewController.m in Sources */,
				923E15D81929215200AD1B5A /* MyActivitiesViewController.m in Sources */,
				9226EF2A1916DAA80014B319 /* SignUpViewController.m in Sources */,
				923E94F5193165BF008411AA /* CreateReferenceViewController.m in Sources */,
				920917F119270C63009701FA /* InboxCell.m in Sources */,
				9226EF081915DCEB0014B319 /* SettingsViewController.m in Sources */,
			);
			runOnlyForDeploymentPostprocessing = 0;
		};
		9226EEB6191573530014B319 /* Sources */ = {
			isa = PBXSourcesBuildPhase;
			buildActionMask = 2147483647;
			files = (
				9226EEC8191573530014B319 /* CarPoolTests.m in Sources */,
			);
			runOnlyForDeploymentPostprocessing = 0;
		};
/* End PBXSourcesBuildPhase section */

/* Begin PBXTargetDependency section */
		9226EEC0191573530014B319 /* PBXTargetDependency */ = {
			isa = PBXTargetDependency;
			target = 9226EE95191573530014B319 /* Carpool */;
			targetProxy = 9226EEBF191573530014B319 /* PBXContainerItemProxy */;
		};
/* End PBXTargetDependency section */

/* Begin PBXVariantGroup section */
		9226EEA2191573530014B319 /* InfoPlist.strings */ = {
			isa = PBXVariantGroup;
			children = (
				9226EEA3191573530014B319 /* en */,
			);
			name = InfoPlist.strings;
			sourceTree = "<group>";
		};
		9226EEAB191573530014B319 /* Main_iPhone.storyboard */ = {
			isa = PBXVariantGroup;
			children = (
				9226EEAC191573530014B319 /* Base */,
			);
			name = Main_iPhone.storyboard;
			sourceTree = "<group>";
		};
		9226EEAE191573530014B319 /* Main_iPad.storyboard */ = {
			isa = PBXVariantGroup;
			children = (
				9226EEAF191573530014B319 /* Base */,
			);
			name = Main_iPad.storyboard;
			sourceTree = "<group>";
		};
		9226EEC4191573530014B319 /* InfoPlist.strings */ = {
			isa = PBXVariantGroup;
			children = (
				9226EEC5191573530014B319 /* en */,
			);
			name = InfoPlist.strings;
			sourceTree = "<group>";
		};
/* End PBXVariantGroup section */

/* Begin XCBuildConfiguration section */
		9226EEC9191573530014B319 /* Debug */ = {
			isa = XCBuildConfiguration;
			buildSettings = {
				ALWAYS_SEARCH_USER_PATHS = NO;
				CLANG_CXX_LANGUAGE_STANDARD = "gnu++0x";
				CLANG_CXX_LIBRARY = "libc++";
				CLANG_ENABLE_MODULES = YES;
				CLANG_ENABLE_OBJC_ARC = YES;
				CLANG_WARN_BOOL_CONVERSION = YES;
				CLANG_WARN_CONSTANT_CONVERSION = YES;
				CLANG_WARN_DIRECT_OBJC_ISA_USAGE = YES_ERROR;
				CLANG_WARN_EMPTY_BODY = YES;
				CLANG_WARN_ENUM_CONVERSION = YES;
				CLANG_WARN_INT_CONVERSION = YES;
				CLANG_WARN_OBJC_ROOT_CLASS = YES_ERROR;
				CLANG_WARN__DUPLICATE_METHOD_MATCH = YES;
				CODE_SIGN_IDENTITY = "iPhone Developer: Aryan Ghassemi (T5E8BV8RVA)";
				"CODE_SIGN_IDENTITY[sdk=iphoneos*]" = "iPhone Developer: Aryan Ghassemi (T5E8BV8RVA)";
				COPY_PHASE_STRIP = NO;
				GCC_C_LANGUAGE_STANDARD = gnu99;
				GCC_DYNAMIC_NO_PIC = NO;
				GCC_OPTIMIZATION_LEVEL = 0;
				GCC_PREPROCESSOR_DEFINITIONS = (
					"DEBUG=1",
					"$(inherited)",
				);
				GCC_SYMBOLS_PRIVATE_EXTERN = NO;
				GCC_WARN_64_TO_32_BIT_CONVERSION = YES;
				GCC_WARN_ABOUT_RETURN_TYPE = YES_ERROR;
				GCC_WARN_UNDECLARED_SELECTOR = YES;
				GCC_WARN_UNINITIALIZED_AUTOS = YES_AGGRESSIVE;
				GCC_WARN_UNUSED_FUNCTION = YES;
				GCC_WARN_UNUSED_VARIABLE = YES;
				IPHONEOS_DEPLOYMENT_TARGET = 7.1;
				ONLY_ACTIVE_ARCH = YES;
				SDKROOT = iphoneos;
				TARGETED_DEVICE_FAMILY = "1,2";
			};
			name = Debug;
		};
		9226EECA191573530014B319 /* Release */ = {
			isa = XCBuildConfiguration;
			buildSettings = {
				ALWAYS_SEARCH_USER_PATHS = NO;
				CLANG_CXX_LANGUAGE_STANDARD = "gnu++0x";
				CLANG_CXX_LIBRARY = "libc++";
				CLANG_ENABLE_MODULES = YES;
				CLANG_ENABLE_OBJC_ARC = YES;
				CLANG_WARN_BOOL_CONVERSION = YES;
				CLANG_WARN_CONSTANT_CONVERSION = YES;
				CLANG_WARN_DIRECT_OBJC_ISA_USAGE = YES_ERROR;
				CLANG_WARN_EMPTY_BODY = YES;
				CLANG_WARN_ENUM_CONVERSION = YES;
				CLANG_WARN_INT_CONVERSION = YES;
				CLANG_WARN_OBJC_ROOT_CLASS = YES_ERROR;
				CLANG_WARN__DUPLICATE_METHOD_MATCH = YES;
				CODE_SIGN_IDENTITY = "iPhone Developer: Aryan Ghassemi (T5E8BV8RVA)";
				"CODE_SIGN_IDENTITY[sdk=iphoneos*]" = "iPhone Developer";
				COPY_PHASE_STRIP = YES;
				ENABLE_NS_ASSERTIONS = NO;
				GCC_C_LANGUAGE_STANDARD = gnu99;
				GCC_WARN_64_TO_32_BIT_CONVERSION = YES;
				GCC_WARN_ABOUT_RETURN_TYPE = YES_ERROR;
				GCC_WARN_UNDECLARED_SELECTOR = YES;
				GCC_WARN_UNINITIALIZED_AUTOS = YES_AGGRESSIVE;
				GCC_WARN_UNUSED_FUNCTION = YES;
				GCC_WARN_UNUSED_VARIABLE = YES;
				IPHONEOS_DEPLOYMENT_TARGET = 7.1;
				SDKROOT = iphoneos;
				TARGETED_DEVICE_FAMILY = "1,2";
				VALIDATE_PRODUCT = YES;
			};
			name = Release;
		};
		9226EECC191573530014B319 /* Debug */ = {
			isa = XCBuildConfiguration;
			baseConfigurationReference = 715CC3CC364D4C49AB5B958E /* Pods.xcconfig */;
			buildSettings = {
				ASSETCATALOG_COMPILER_APPICON_NAME = AppIcon;
				ASSETCATALOG_COMPILER_LAUNCHIMAGE_NAME = LaunchImage;
				FRAMEWORK_SEARCH_PATHS = (
					"$(inherited)",
					"$(PROJECT_DIR)",
				);
				GCC_PRECOMPILE_PREFIX_HEADER = YES;
				GCC_PREFIX_HEADER = "CarPool/CarPool-Prefix.pch";
				INFOPLIST_FILE = "CarPool/CarPool-Info.plist";
				IPHONEOS_DEPLOYMENT_TARGET = 7.0;
				PRODUCT_NAME = "$(TARGET_NAME)";
				WRAPPER_EXTENSION = app;
			};
			name = Debug;
		};
		9226EECD191573530014B319 /* Release */ = {
			isa = XCBuildConfiguration;
			baseConfigurationReference = 715CC3CC364D4C49AB5B958E /* Pods.xcconfig */;
			buildSettings = {
				ASSETCATALOG_COMPILER_APPICON_NAME = AppIcon;
				ASSETCATALOG_COMPILER_LAUNCHIMAGE_NAME = LaunchImage;
				FRAMEWORK_SEARCH_PATHS = (
					"$(inherited)",
					"$(PROJECT_DIR)",
				);
				GCC_PRECOMPILE_PREFIX_HEADER = YES;
				GCC_PREFIX_HEADER = "CarPool/CarPool-Prefix.pch";
				INFOPLIST_FILE = "CarPool/CarPool-Info.plist";
				IPHONEOS_DEPLOYMENT_TARGET = 7.0;
				PRODUCT_NAME = "$(TARGET_NAME)";
				WRAPPER_EXTENSION = app;
			};
			name = Release;
		};
		9226EECF191573530014B319 /* Debug */ = {
			isa = XCBuildConfiguration;
			buildSettings = {
				BUNDLE_LOADER = "$(BUILT_PRODUCTS_DIR)/CarPool.app/CarPool";
				FRAMEWORK_SEARCH_PATHS = (
					"$(SDKROOT)/Developer/Library/Frameworks",
					"$(inherited)",
					"$(DEVELOPER_FRAMEWORKS_DIR)",
				);
				GCC_PRECOMPILE_PREFIX_HEADER = YES;
				GCC_PREFIX_HEADER = "CarPool/CarPool-Prefix.pch";
				GCC_PREPROCESSOR_DEFINITIONS = (
					"DEBUG=1",
					"$(inherited)",
				);
				INFOPLIST_FILE = "CarPoolTests/CarPoolTests-Info.plist";
				PRODUCT_NAME = "$(TARGET_NAME)";
				TEST_HOST = "$(BUNDLE_LOADER)";
				WRAPPER_EXTENSION = xctest;
			};
			name = Debug;
		};
		9226EED0191573530014B319 /* Release */ = {
			isa = XCBuildConfiguration;
			buildSettings = {
				BUNDLE_LOADER = "$(BUILT_PRODUCTS_DIR)/CarPool.app/CarPool";
				FRAMEWORK_SEARCH_PATHS = (
					"$(SDKROOT)/Developer/Library/Frameworks",
					"$(inherited)",
					"$(DEVELOPER_FRAMEWORKS_DIR)",
				);
				GCC_PRECOMPILE_PREFIX_HEADER = YES;
				GCC_PREFIX_HEADER = "CarPool/CarPool-Prefix.pch";
				INFOPLIST_FILE = "CarPoolTests/CarPoolTests-Info.plist";
				PRODUCT_NAME = "$(TARGET_NAME)";
				TEST_HOST = "$(BUNDLE_LOADER)";
				WRAPPER_EXTENSION = xctest;
			};
			name = Release;
		};
/* End XCBuildConfiguration section */

/* Begin XCConfigurationList section */
		9226EE91191573530014B319 /* Build configuration list for PBXProject "CarPool" */ = {
			isa = XCConfigurationList;
			buildConfigurations = (
				9226EEC9191573530014B319 /* Debug */,
				9226EECA191573530014B319 /* Release */,
			);
			defaultConfigurationIsVisible = 0;
			defaultConfigurationName = Release;
		};
		9226EECB191573530014B319 /* Build configuration list for PBXNativeTarget "Carpool" */ = {
			isa = XCConfigurationList;
			buildConfigurations = (
				9226EECC191573530014B319 /* Debug */,
				9226EECD191573530014B319 /* Release */,
			);
			defaultConfigurationIsVisible = 0;
			defaultConfigurationName = Release;
		};
		9226EECE191573530014B319 /* Build configuration list for PBXNativeTarget "CarPoolTests" */ = {
			isa = XCConfigurationList;
			buildConfigurations = (
				9226EECF191573530014B319 /* Debug */,
				9226EED0191573530014B319 /* Release */,
			);
			defaultConfigurationIsVisible = 0;
			defaultConfigurationName = Release;
		};
/* End XCConfigurationList section */
	};
	rootObject = 9226EE8E191573530014B319 /* Project object */;
}
